// !$*UTF8*$!
{
	archiveVersion = 1;
	classes = {
	};
	objectVersion = 46;
	objects = {

/* Begin PBXBuildFile section */
		0207DA581B56EA530066E2B4 /* Images.xcassets in Resources */ = {isa = PBXBuildFile; fileRef = 0207DA571B56EA530066E2B4 /* Images.xcassets */; };
		03E26629D961454F9C1AA0C7 /* WTWikitudePlugin.m in Sources */ = {isa = PBXBuildFile; fileRef = 09D430D192634126854454BC /* WTWikitudePlugin.m */; };
		0C103D77263D4D38ACD5A9B4 /* CordovaStripe.m in Sources */ = {isa = PBXBuildFile; fileRef = 6CAE2D4A59DD4301BAEDC983 /* CordovaStripe.m */; };
		1638FACA4BF54D069798EFEB /* libWikitudeSDK-simulator.a in Frameworks */ = {isa = PBXBuildFile; fileRef = D9036D6A20644EEAB95BE203 /* libWikitudeSDK-simulator.a */; };
		1D3623260D0F684500981E51 /* AppDelegate.m in Sources */ = {isa = PBXBuildFile; fileRef = 1D3623250D0F684500981E51 /* AppDelegate.m */; };
		1D60589B0D05DD56006BFB54 /* main.m in Sources */ = {isa = PBXBuildFile; fileRef = 29B97316FDCFA39411CA2CEA /* main.m */; };
		1EE099C848364DD6B8C99C57 /* libz.dylib in Frameworks */ = {isa = PBXBuildFile; fileRef = 3F56A5D29A89408DB480901C /* libz.dylib */; };
		1FA2FFE5F97F43948BCBAB10 /* CoreText.framework in Frameworks */ = {isa = PBXBuildFile; fileRef = 694083DD2A02412186EE5621 /* CoreText.framework */; };
		1FD8DAD2A248437CB5E563BC /* CDVCamera.m in Sources */ = {isa = PBXBuildFile; fileRef = AAF88BDEBFE64C34ACE1D29D /* CDVCamera.m */; };
		26617495B8904BDDBC27DEFE /* FacebookConnectPlugin.m in Sources */ = {isa = PBXBuildFile; fileRef = 42B860BE7A2A4D3AA2832388 /* FacebookConnectPlugin.m */; };
		27E93BBA911F41B68E14C5CA /* CDVLogger.m in Sources */ = {isa = PBXBuildFile; fileRef = E020B94D16B847D1ADEEBB13 /* CDVLogger.m */; };
		29189F47CEFB4572AAF731D8 /* OpenGLES.framework in Frameworks */ = {isa = PBXBuildFile; fileRef = 5FEDD01479C84E3A8B6B8FD5 /* OpenGLES.framework */; };
		301BF552109A68D80062928A /* libCordova.a in Frameworks */ = {isa = PBXBuildFile; fileRef = 301BF535109A57CC0062928A /* libCordova.a */; };
		302D95F114D2391D003F00A1 /* MainViewController.m in Sources */ = {isa = PBXBuildFile; fileRef = 302D95EF14D2391D003F00A1 /* MainViewController.m */; };
		302D95F214D2391D003F00A1 /* MainViewController.xib in Resources */ = {isa = PBXBuildFile; fileRef = 302D95F014D2391D003F00A1 /* MainViewController.xib */; };
		31D6CF51688140098DFB196C /* SQLitePlugin.m in Sources */ = {isa = PBXBuildFile; fileRef = 580EF75CF55040E1AEB58574 /* SQLitePlugin.m */; };
		34B33615BE474B33A865AD93 /* sqlite3.c in Sources */ = {isa = PBXBuildFile; fileRef = CA6E5932F12844C7BAB25E22 /* sqlite3.c */; settings = {COMPILER_FLAGS = "-DSQLITE_THREADSAFE=1 -DSQLITE_DEFAULT_MEMSTATUS=0 -DSQLITE_OMIT_DECLTYPE -DSQLITE_OMIT_DEPRECATED -DSQLITE_OMIT_PROGRESS_CALLBACK -DSQLITE_OMIT_SHARED_CACHE -DSQLITE_TEMP_STORE=2 -DSQLITE_OMIT_LOAD_EXTENSION -DSQLITE_ENABLE_FTS3 -DSQLITE_ENABLE_FTS3_PARENTHESIS -DSQLITE_ENABLE_FTS4 -DSQLITE_ENABLE_RTREE -DSQLITE_DEFAULT_PAGE_SIZE=1024 -DSQLITE_DEFAULT_CACHE_SIZE=2000"; }; };
		3E10797CB97B465083A18ADE /* CoreLocation.framework in Frameworks */ = {isa = PBXBuildFile; fileRef = 32FEEAD1149A44839705C920 /* CoreLocation.framework */; };
		425FFAA24CAA4E01AA8B501A /* Bolts.framework in Frameworks */ = {isa = PBXBuildFile; fileRef = 88DB03E87DA4422E9738CE70 /* Bolts.framework */; };
		47CC77C969D449A097E125BE /* MediaPlayer.framework in Frameworks */ = {isa = PBXBuildFile; fileRef = 6DD47CAA5CAD43008C9ED4FB /* MediaPlayer.framework */; };
		54734C5D342E492FAB27D87A /* FBSDKShareKit.framework in Frameworks */ = {isa = PBXBuildFile; fileRef = 7ABF4453E49A4994812AB5CD /* FBSDKShareKit.framework */; };
		5AE4FF13F2B0499AB0BE214D /* SafariServices.framework in Frameworks */ = {isa = PBXBuildFile; fileRef = 0C7DBFDE416B408A99AE980D /* SafariServices.framework */; };
		649770EA47E345C1A2447D37 /* FBSDKCoreKit.framework in Frameworks */ = {isa = PBXBuildFile; fileRef = 31918FD9730D4E57BF5448DB /* FBSDKCoreKit.framework */; };
		66FDE21524CC4BF3BC010B86 /* CDVLocation.m in Sources */ = {isa = PBXBuildFile; fileRef = 11C0951CE2BE4D5891249EC5 /* CDVLocation.m */; };
		6AFF5BF91D6E424B00AB3073 /* CDVLaunchScreen.storyboard in Resources */ = {isa = PBXBuildFile; fileRef = 6AFF5BF81D6E424B00AB3073 /* CDVLaunchScreen.storyboard */; };
		783A0DEC1AFA4F509FA2FDFE /* UIImage+CropScaleOrientation.m in Sources */ = {isa = PBXBuildFile; fileRef = 4EB6D701D4BD42B6B4415602 /* UIImage+CropScaleOrientation.m */; };
		7E48E562FFED4CAC9CF0887E /* Photos.framework in Frameworks */ = {isa = PBXBuildFile; fileRef = A499A12F2E7C469C97FB5600 /* Photos.framework */; };
		821EAAA934E54F488CCD3567 /* libc++.dylib in Frameworks */ = {isa = PBXBuildFile; fileRef = 85BA4B26662A413B99DD7CA7 /* libc++.dylib */; };
		9D2A168529B44A708F7A59B8 /* UIKit.framework in Frameworks */ = {isa = PBXBuildFile; fileRef = CB070D7A1B234093991A8E0C /* UIKit.framework */; };
		9E347CC5AFAB49A08C9B2599 /* CoreMedia.framework in Frameworks */ = {isa = PBXBuildFile; fileRef = E746DD165CC149479018CF8C /* CoreMedia.framework */; };
		A03FE170F7244CB38A9368F5 /* QuartzCore.framework in Frameworks */ = {isa = PBXBuildFile; fileRef = 1A6338B778E040DB861804D1 /* QuartzCore.framework */; };
		AC87B4F5CB134B33ADDDE8C1 /* WTARViewController.m in Sources */ = {isa = PBXBuildFile; fileRef = 0D369D7236B547BCA26A05EA /* WTARViewController.m */; };
		B31A76CB230E424ABEDCDAE2 /* CoreMotion.framework in Frameworks */ = {isa = PBXBuildFile; fileRef = 254B5314B257422398969F88 /* CoreMotion.framework */; };
		B6C61672655C4680998094F2 /* libWikitudeSDK.a in Frameworks */ = {isa = PBXBuildFile; fileRef = 32F4334A45434FE0A19B1294 /* libWikitudeSDK.a */; };
		BC210CC59B314ECEBB3942EC /* CFNetwork.framework in Frameworks */ = {isa = PBXBuildFile; fileRef = 7043B77EF56548179444A5BD /* CFNetwork.framework */; };
		BDD60181D44040D2AE1F6369 /* SystemConfiguration.framework in Frameworks */ = {isa = PBXBuildFile; fileRef = D8A894370D40495D9444C511 /* SystemConfiguration.framework */; };
		BE3CFCBAD807423EAB4DFE78 /* Foundation.framework in Frameworks */ = {isa = PBXBuildFile; fileRef = 715D8A79560F403191DC78B6 /* Foundation.framework */; };
		C0AF313C8B734773A85ABDE8 /* CoreVideo.framework in Frameworks */ = {isa = PBXBuildFile; fileRef = 6B933282189C4324983982FE /* CoreVideo.framework */; };
		C54A73374FF641A493373D2A /* FBSDKLoginKit.framework in Frameworks */ = {isa = PBXBuildFile; fileRef = A3180A302D48469A92C91B55 /* FBSDKLoginKit.framework */; };
		C96CE41E241A4242A2F51F25 /* Stripe.framework in Frameworks */ = {isa = PBXBuildFile; fileRef = F45A1CD143044ECFBC1E7405 /* Stripe.framework */; };
		CE8B3A3BE7E24B3BB305059D /* Security.framework in Frameworks */ = {isa = PBXBuildFile; fileRef = 6406128D9E3F4EDDA15D5F9A /* Security.framework */; };
		D60FC257EE7F442CBF1AFE33 /* CDVStatusBar.m in Sources */ = {isa = PBXBuildFile; fileRef = 99AB4713280840E99AE1F5DB /* CDVStatusBar.m */; };
		DE9470B3A2144D32975D4B66 /* Accelerate.framework in Frameworks */ = {isa = PBXBuildFile; fileRef = 9A81429A248E49A689C90E81 /* Accelerate.framework */; };
		E45961CB47B9465D937F9A3F /* ImageIO.framework in Frameworks */ = {isa = PBXBuildFile; fileRef = E5A32D5F552449009058E891 /* ImageIO.framework */; settings = {ATTRIBUTES = (Weak, ); }; };
		E69841B230E34056B4249BD8 /* CDVJpegHeaderWriter.m in Sources */ = {isa = PBXBuildFile; fileRef = F7A90D103C7C4BD382BE4697 /* CDVJpegHeaderWriter.m */; };
		EE35D92761E74303AAB34A7A /* AVFoundation.framework in Frameworks */ = {isa = PBXBuildFile; fileRef = 603105661E1B4A66BCE5DF9A /* AVFoundation.framework */; };
/* End PBXBuildFile section */

/* Begin PBXContainerItemProxy section */
		301BF534109A57CC0062928A /* PBXContainerItemProxy */ = {
			isa = PBXContainerItemProxy;
			containerPortal = 301BF52D109A57CC0062928A /* CordovaLib.xcodeproj */;
			proxyType = 2;
			remoteGlobalIDString = D2AAC07E0554694100DB518D;
			remoteInfo = CordovaLib;
		};
		301BF550109A68C00062928A /* PBXContainerItemProxy */ = {
			isa = PBXContainerItemProxy;
			containerPortal = 301BF52D109A57CC0062928A /* CordovaLib.xcodeproj */;
			proxyType = 1;
			remoteGlobalIDString = D2AAC07D0554694100DB518D;
			remoteInfo = CordovaLib;
		};
/* End PBXContainerItemProxy section */

/* Begin PBXFileReference section */
		0207DA571B56EA530066E2B4 /* Images.xcassets */ = {isa = PBXFileReference; lastKnownFileType = folder.assetcatalog; name = Images.xcassets; path = Linxapp/Images.xcassets; sourceTree = SOURCE_ROOT; };
		09D430D192634126854454BC /* WTWikitudePlugin.m */ = {isa = PBXFileReference; explicitFileType = undefined; fileEncoding = 4; includeInIndex = 0; lastKnownFileType = sourcecode.c.objc; name = WTWikitudePlugin.m; path = com.wikitude.phonegap.WikitudePlugin/WTWikitudePlugin.m; sourceTree = "<group>"; };
		0C7DBFDE416B408A99AE980D /* SafariServices.framework */ = {isa = PBXFileReference; explicitFileType = undefined; fileEncoding = 9; includeInIndex = 0; lastKnownFileType = wrapper.framework; name = SafariServices.framework; path = System/Library/Frameworks/SafariServices.framework; sourceTree = SDKROOT; };
		0D369D7236B547BCA26A05EA /* WTARViewController.m */ = {isa = PBXFileReference; explicitFileType = undefined; fileEncoding = 4; includeInIndex = 0; lastKnownFileType = sourcecode.c.objc; name = WTARViewController.m; path = com.wikitude.phonegap.WikitudePlugin/WTARViewController.m; sourceTree = "<group>"; };
		11C0951CE2BE4D5891249EC5 /* CDVLocation.m */ = {isa = PBXFileReference; explicitFileType = undefined; fileEncoding = 4; includeInIndex = 0; lastKnownFileType = sourcecode.c.objc; name = CDVLocation.m; path = "cordova-plugin-geolocation/CDVLocation.m"; sourceTree = "<group>"; };
		1A6338B778E040DB861804D1 /* QuartzCore.framework */ = {isa = PBXFileReference; explicitFileType = undefined; fileEncoding = 9; includeInIndex = 0; lastKnownFileType = wrapper.framework; name = QuartzCore.framework; path = System/Library/Frameworks/QuartzCore.framework; sourceTree = SDKROOT; };
		1D3623240D0F684500981E51 /* AppDelegate.h */ = {isa = PBXFileReference; fileEncoding = 4; lastKnownFileType = sourcecode.c.h; path = AppDelegate.h; sourceTree = "<group>"; };
		1D3623250D0F684500981E51 /* AppDelegate.m */ = {isa = PBXFileReference; fileEncoding = 4; lastKnownFileType = sourcecode.c.objc; path = AppDelegate.m; sourceTree = "<group>"; };
		1D6058910D05DD3D006BFB54 /* Linxapp.app */ = {isa = PBXFileReference; explicitFileType = wrapper.application; includeInIndex = 0; path = Linxapp.app; sourceTree = BUILT_PRODUCTS_DIR; };
		254B5314B257422398969F88 /* CoreMotion.framework */ = {isa = PBXFileReference; explicitFileType = undefined; fileEncoding = 9; includeInIndex = 0; lastKnownFileType = wrapper.framework; name = CoreMotion.framework; path = System/Library/Frameworks/CoreMotion.framework; sourceTree = SDKROOT; };
		27B36A2CA68E4571AF8C0612 /* WTArchitectView.h */ = {isa = PBXFileReference; explicitFileType = undefined; fileEncoding = 4; includeInIndex = 0; lastKnownFileType = sourcecode.c.h; name = WTArchitectView.h; path = com.wikitude.phonegap.WikitudePlugin/WTArchitectView.h; sourceTree = "<group>"; };
		29B97316FDCFA39411CA2CEA /* main.m */ = {isa = PBXFileReference; fileEncoding = 4; lastKnownFileType = sourcecode.c.objc; path = main.m; sourceTree = "<group>"; };
		301BF52D109A57CC0062928A /* CordovaLib.xcodeproj */ = {isa = PBXFileReference; lastKnownFileType = "wrapper.pb-project"; name = CordovaLib.xcodeproj; path = CordovaLib/CordovaLib.xcodeproj; sourceTree = "<group>"; };
		301BF56E109A69640062928A /* www */ = {isa = PBXFileReference; lastKnownFileType = folder; path = www; sourceTree = SOURCE_ROOT; };
		302D95EE14D2391D003F00A1 /* MainViewController.h */ = {isa = PBXFileReference; fileEncoding = 4; lastKnownFileType = sourcecode.c.h; path = MainViewController.h; sourceTree = "<group>"; };
		302D95EF14D2391D003F00A1 /* MainViewController.m */ = {isa = PBXFileReference; fileEncoding = 4; lastKnownFileType = sourcecode.c.objc; path = MainViewController.m; sourceTree = "<group>"; };
		302D95F014D2391D003F00A1 /* MainViewController.xib */ = {isa = PBXFileReference; fileEncoding = 4; lastKnownFileType = file.xib; path = MainViewController.xib; sourceTree = "<group>"; };
		3047A50F1AB8059700498E2A /* build-debug.xcconfig */ = {isa = PBXFileReference; fileEncoding = 4; lastKnownFileType = text.xcconfig; name = "build-debug.xcconfig"; path = "cordova/build-debug.xcconfig"; sourceTree = SOURCE_ROOT; };
		3047A5101AB8059700498E2A /* build-release.xcconfig */ = {isa = PBXFileReference; fileEncoding = 4; lastKnownFileType = text.xcconfig; name = "build-release.xcconfig"; path = "cordova/build-release.xcconfig"; sourceTree = SOURCE_ROOT; };
		3047A5111AB8059700498E2A /* build.xcconfig */ = {isa = PBXFileReference; fileEncoding = 4; lastKnownFileType = text.xcconfig; name = build.xcconfig; path = cordova/build.xcconfig; sourceTree = SOURCE_ROOT; };
		31918FD9730D4E57BF5448DB /* FBSDKCoreKit.framework */ = {isa = PBXFileReference; explicitFileType = undefined; fileEncoding = 9; includeInIndex = 0; lastKnownFileType = wrapper.framework; name = FBSDKCoreKit.framework; path = "Linxapp/Plugins/cordova-plugin-facebook4/FBSDKCoreKit.framework"; sourceTree = "<group>"; };
		32CA4F630368D1EE00C91783 /* Linxapp-Prefix.pch */ = {isa = PBXFileReference; fileEncoding = 4; lastKnownFileType = sourcecode.c.h; path = "Linxapp-Prefix.pch"; sourceTree = "<group>"; };
		32F4334A45434FE0A19B1294 /* libWikitudeSDK.a */ = {isa = PBXFileReference; explicitFileType = undefined; fileEncoding = 9; includeInIndex = 0; lastKnownFileType = archive.ar; name = libWikitudeSDK.a; path = Linxapp/Plugins/com.wikitude.phonegap.WikitudePlugin/libWikitudeSDK.a; sourceTree = "<group>"; };
		32FEEAD1149A44839705C920 /* CoreLocation.framework */ = {isa = PBXFileReference; explicitFileType = undefined; fileEncoding = 9; includeInIndex = 0; lastKnownFileType = wrapper.framework; name = CoreLocation.framework; path = System/Library/Frameworks/CoreLocation.framework; sourceTree = SDKROOT; };
		3F56A5D29A89408DB480901C /* libz.dylib */ = {isa = PBXFileReference; explicitFileType = undefined; fileEncoding = 9; includeInIndex = 0; lastKnownFileType = "compiled.mach-o.dylib"; name = libz.dylib; path = usr/lib/libz.dylib; sourceTree = SDKROOT; };
		410976C7925D442F84D23826 /* CDVCamera.h */ = {isa = PBXFileReference; explicitFileType = undefined; fileEncoding = 4; includeInIndex = 0; lastKnownFileType = sourcecode.c.h; name = CDVCamera.h; path = "cordova-plugin-camera/CDVCamera.h"; sourceTree = "<group>"; };
		42B860BE7A2A4D3AA2832388 /* FacebookConnectPlugin.m */ = {isa = PBXFileReference; explicitFileType = undefined; fileEncoding = 4; includeInIndex = 0; lastKnownFileType = sourcecode.c.objc; name = FacebookConnectPlugin.m; path = "cordova-plugin-facebook4/FacebookConnectPlugin.m"; sourceTree = "<group>"; };
		4CEEC893E6E5417D9C89E41C /* CDVLogger.h */ = {isa = PBXFileReference; explicitFileType = undefined; fileEncoding = 4; includeInIndex = 0; lastKnownFileType = sourcecode.c.h; name = CDVLogger.h; path = "cordova-plugin-console/CDVLogger.h"; sourceTree = "<group>"; };
		4EB6D701D4BD42B6B4415602 /* UIImage+CropScaleOrientation.m */ = {isa = PBXFileReference; explicitFileType = undefined; fileEncoding = 4; includeInIndex = 0; lastKnownFileType = sourcecode.c.objc; name = "UIImage+CropScaleOrientation.m"; path = "cordova-plugin-camera/UIImage+CropScaleOrientation.m"; sourceTree = "<group>"; };
		50AC353CB362438A941BA899 /* WikitudeSDK.h */ = {isa = PBXFileReference; explicitFileType = undefined; fileEncoding = 4; includeInIndex = 0; lastKnownFileType = sourcecode.c.h; name = WikitudeSDK.h; path = com.wikitude.phonegap.WikitudePlugin/WikitudeSDK.h; sourceTree = "<group>"; };
		55DD1175B62F4E7E95E26AA6 /* CDVExif.h */ = {isa = PBXFileReference; explicitFileType = undefined; fileEncoding = 4; includeInIndex = 0; lastKnownFileType = sourcecode.c.h; name = CDVExif.h; path = "cordova-plugin-camera/CDVExif.h"; sourceTree = "<group>"; };
		561D3AFC2D244186B22B0B95 /* WTWikitudePlugin.h */ = {isa = PBXFileReference; explicitFileType = undefined; fileEncoding = 4; includeInIndex = 0; lastKnownFileType = sourcecode.c.h; name = WTWikitudePlugin.h; path = com.wikitude.phonegap.WikitudePlugin/WTWikitudePlugin.h; sourceTree = "<group>"; };
		580EF75CF55040E1AEB58574 /* SQLitePlugin.m */ = {isa = PBXFileReference; explicitFileType = undefined; fileEncoding = 4; includeInIndex = 0; lastKnownFileType = sourcecode.c.objc; name = SQLitePlugin.m; path = "cordova-sqlite-storage/SQLitePlugin.m"; sourceTree = "<group>"; };
		5F38EDA400144AC0ABE67BAD /* WTWikitudeTypes.h */ = {isa = PBXFileReference; explicitFileType = undefined; fileEncoding = 4; includeInIndex = 0; lastKnownFileType = sourcecode.c.h; name = WTWikitudeTypes.h; path = com.wikitude.phonegap.WikitudePlugin/WTWikitudeTypes.h; sourceTree = "<group>"; };
		5FEDD01479C84E3A8B6B8FD5 /* OpenGLES.framework */ = {isa = PBXFileReference; explicitFileType = undefined; fileEncoding = 9; includeInIndex = 0; lastKnownFileType = wrapper.framework; name = OpenGLES.framework; path = System/Library/Frameworks/OpenGLES.framework; sourceTree = SDKROOT; };
		603105661E1B4A66BCE5DF9A /* AVFoundation.framework */ = {isa = PBXFileReference; explicitFileType = undefined; fileEncoding = 9; includeInIndex = 0; lastKnownFileType = wrapper.framework; name = AVFoundation.framework; path = System/Library/Frameworks/AVFoundation.framework; sourceTree = SDKROOT; };
		6406128D9E3F4EDDA15D5F9A /* Security.framework */ = {isa = PBXFileReference; explicitFileType = undefined; fileEncoding = 9; includeInIndex = 0; lastKnownFileType = wrapper.framework; name = Security.framework; path = System/Library/Frameworks/Security.framework; sourceTree = SDKROOT; };
		694083DD2A02412186EE5621 /* CoreText.framework */ = {isa = PBXFileReference; explicitFileType = undefined; fileEncoding = 9; includeInIndex = 0; lastKnownFileType = wrapper.framework; name = CoreText.framework; path = System/Library/Frameworks/CoreText.framework; sourceTree = SDKROOT; };
		69453EE7B92B4CFB9E7C5AA3 /* CordovaStripe.h */ = {isa = PBXFileReference; explicitFileType = undefined; fileEncoding = 4; includeInIndex = 0; lastKnownFileType = sourcecode.c.h; name = CordovaStripe.h; path = "cordova-plugin-stripe/CordovaStripe.h"; sourceTree = "<group>"; };
		6AFF5BF81D6E424B00AB3073 /* CDVLaunchScreen.storyboard */ = {isa = PBXFileReference; fileEncoding = 4; lastKnownFileType = file.storyboard; name = CDVLaunchScreen.storyboard; path = Linxapp/CDVLaunchScreen.storyboard; sourceTree = SOURCE_ROOT; };
		6B933282189C4324983982FE /* CoreVideo.framework */ = {isa = PBXFileReference; explicitFileType = undefined; fileEncoding = 9; includeInIndex = 0; lastKnownFileType = wrapper.framework; name = CoreVideo.framework; path = System/Library/Frameworks/CoreVideo.framework; sourceTree = SDKROOT; };
		6CAE2D4A59DD4301BAEDC983 /* CordovaStripe.m */ = {isa = PBXFileReference; explicitFileType = undefined; fileEncoding = 4; includeInIndex = 0; lastKnownFileType = sourcecode.c.objc; name = CordovaStripe.m; path = "cordova-plugin-stripe/CordovaStripe.m"; sourceTree = "<group>"; };
		6DD47CAA5CAD43008C9ED4FB /* MediaPlayer.framework */ = {isa = PBXFileReference; explicitFileType = undefined; fileEncoding = 9; includeInIndex = 0; lastKnownFileType = wrapper.framework; name = MediaPlayer.framework; path = System/Library/Frameworks/MediaPlayer.framework; sourceTree = SDKROOT; };
		7043B77EF56548179444A5BD /* CFNetwork.framework */ = {isa = PBXFileReference; explicitFileType = undefined; fileEncoding = 9; includeInIndex = 0; lastKnownFileType = wrapper.framework; name = CFNetwork.framework; path = System/Library/Frameworks/CFNetwork.framework; sourceTree = SDKROOT; };
		715D8A79560F403191DC78B6 /* Foundation.framework */ = {isa = PBXFileReference; explicitFileType = undefined; fileEncoding = 9; includeInIndex = 0; lastKnownFileType = wrapper.framework; name = Foundation.framework; path = System/Library/Frameworks/Foundation.framework; sourceTree = SDKROOT; };
		72D5C9C4B9CB41719679168F /* FacebookConnectPlugin.h */ = {isa = PBXFileReference; explicitFileType = undefined; fileEncoding = 4; includeInIndex = 0; lastKnownFileType = sourcecode.c.h; name = FacebookConnectPlugin.h; path = "cordova-plugin-facebook4/FacebookConnectPlugin.h"; sourceTree = "<group>"; };
		7ABF4453E49A4994812AB5CD /* FBSDKShareKit.framework */ = {isa = PBXFileReference; explicitFileType = undefined; fileEncoding = 9; includeInIndex = 0; lastKnownFileType = wrapper.framework; name = FBSDKShareKit.framework; path = "Linxapp/Plugins/cordova-plugin-facebook4/FBSDKShareKit.framework"; sourceTree = "<group>"; };
		7BF2C81F520F43E7894E0F2C /* sqlite3.h */ = {isa = PBXFileReference; explicitFileType = undefined; fileEncoding = 4; includeInIndex = 0; lastKnownFileType = sourcecode.c.h; name = sqlite3.h; path = "cordova-sqlite-storage/sqlite3.h"; sourceTree = "<group>"; };
		8064660C2EE247038B561FFE /* WTArchitectStartupConfiguration.h */ = {isa = PBXFileReference; explicitFileType = undefined; fileEncoding = 4; includeInIndex = 0; lastKnownFileType = sourcecode.c.h; name = WTArchitectStartupConfiguration.h; path = com.wikitude.phonegap.WikitudePlugin/WTArchitectStartupConfiguration.h; sourceTree = "<group>"; };
		85BA4B26662A413B99DD7CA7 /* libc++.dylib */ = {isa = PBXFileReference; explicitFileType = undefined; fileEncoding = 9; includeInIndex = 0; lastKnownFileType = "compiled.mach-o.dylib"; name = "libc++.dylib"; path = "usr/lib/libc++.dylib"; sourceTree = SDKROOT; };
		88DB03E87DA4422E9738CE70 /* Bolts.framework */ = {isa = PBXFileReference; explicitFileType = undefined; fileEncoding = 9; includeInIndex = 0; lastKnownFileType = wrapper.framework; name = Bolts.framework; path = "Linxapp/Plugins/cordova-plugin-facebook4/Bolts.framework"; sourceTree = "<group>"; };
		89A1E4B60D6341FD912E2609 /* WTAuthorizationRequestManager.h */ = {isa = PBXFileReference; explicitFileType = undefined; fileEncoding = 4; includeInIndex = 0; lastKnownFileType = sourcecode.c.h; name = WTAuthorizationRequestManager.h; path = com.wikitude.phonegap.WikitudePlugin/WTAuthorizationRequestManager.h; sourceTree = "<group>"; };
		8D1107310486CEB800E47090 /* Linxapp-Info.plist */ = {isa = PBXFileReference; fileEncoding = 4; lastKnownFileType = text.plist.xml; name = "Linxapp-Info.plist"; path = "Linxapp/Linxapp-Info.plist"; plistStructureDefinitionIdentifier = "com.apple.xcode.plist.structure-definition.iphone.info-plist"; sourceTree = SOURCE_ROOT; };
		953C6846F38C4DC592B5B733 /* CDVLocation.h */ = {isa = PBXFileReference; explicitFileType = undefined; fileEncoding = 4; includeInIndex = 0; lastKnownFileType = sourcecode.c.h; name = CDVLocation.h; path = "cordova-plugin-geolocation/CDVLocation.h"; sourceTree = "<group>"; };
		972DD43687094614B2A05B21 /* WTSDKBuildInformation.h */ = {isa = PBXFileReference; explicitFileType = undefined; fileEncoding = 4; includeInIndex = 0; lastKnownFileType = sourcecode.c.h; name = WTSDKBuildInformation.h; path = com.wikitude.phonegap.WikitudePlugin/WTSDKBuildInformation.h; sourceTree = "<group>"; };
		99AB4713280840E99AE1F5DB /* CDVStatusBar.m */ = {isa = PBXFileReference; explicitFileType = undefined; fileEncoding = 4; includeInIndex = 0; lastKnownFileType = sourcecode.c.objc; name = CDVStatusBar.m; path = "cordova-plugin-statusbar/CDVStatusBar.m"; sourceTree = "<group>"; };
		9A81429A248E49A689C90E81 /* Accelerate.framework */ = {isa = PBXFileReference; explicitFileType = undefined; fileEncoding = 9; includeInIndex = 0; lastKnownFileType = wrapper.framework; name = Accelerate.framework; path = System/Library/Frameworks/Accelerate.framework; sourceTree = SDKROOT; };
		9DC4C2E00A3042038A0CC393 /* SQLitePlugin.h */ = {isa = PBXFileReference; explicitFileType = undefined; fileEncoding = 4; includeInIndex = 0; lastKnownFileType = sourcecode.c.h; name = SQLitePlugin.h; path = "cordova-sqlite-storage/SQLitePlugin.h"; sourceTree = "<group>"; };
		A0A4370CA9AF4552965F2973 /* WTArchitectViewDebugDelegate.h */ = {isa = PBXFileReference; explicitFileType = undefined; fileEncoding = 4; includeInIndex = 0; lastKnownFileType = sourcecode.c.h; name = WTArchitectViewDebugDelegate.h; path = com.wikitude.phonegap.WikitudePlugin/WTArchitectViewDebugDelegate.h; sourceTree = "<group>"; };
		A3180A302D48469A92C91B55 /* FBSDKLoginKit.framework */ = {isa = PBXFileReference; explicitFileType = undefined; fileEncoding = 9; includeInIndex = 0; lastKnownFileType = wrapper.framework; name = FBSDKLoginKit.framework; path = "Linxapp/Plugins/cordova-plugin-facebook4/FBSDKLoginKit.framework"; sourceTree = "<group>"; };
		A499A12F2E7C469C97FB5600 /* Photos.framework */ = {isa = PBXFileReference; explicitFileType = undefined; fileEncoding = 9; includeInIndex = 0; lastKnownFileType = wrapper.framework; name = Photos.framework; path = System/Library/Frameworks/Photos.framework; sourceTree = SDKROOT; };
		A58A0C9007EF47C2B98FEB50 /* CDVJpegHeaderWriter.h */ = {isa = PBXFileReference; explicitFileType = undefined; fileEncoding = 4; includeInIndex = 0; lastKnownFileType = sourcecode.c.h; name = CDVJpegHeaderWriter.h; path = "cordova-plugin-camera/CDVJpegHeaderWriter.h"; sourceTree = "<group>"; };
		AAF88BDEBFE64C34ACE1D29D /* CDVCamera.m */ = {isa = PBXFileReference; explicitFileType = undefined; fileEncoding = 4; includeInIndex = 0; lastKnownFileType = sourcecode.c.objc; name = CDVCamera.m; path = "cordova-plugin-camera/CDVCamera.m"; sourceTree = "<group>"; };
		B2BAC2DACE96493BBD9BC742 /* UIImage+CropScaleOrientation.h */ = {isa = PBXFileReference; explicitFileType = undefined; fileEncoding = 4; includeInIndex = 0; lastKnownFileType = sourcecode.c.h; name = "UIImage+CropScaleOrientation.h"; path = "cordova-plugin-camera/UIImage+CropScaleOrientation.h"; sourceTree = "<group>"; };
		B42550B05B0E4D728AAF935A /* WTNavigation.h */ = {isa = PBXFileReference; explicitFileType = undefined; fileEncoding = 4; includeInIndex = 0; lastKnownFileType = sourcecode.c.h; name = WTNavigation.h; path = com.wikitude.phonegap.WikitudePlugin/WTNavigation.h; sourceTree = "<group>"; };
		CA6E5932F12844C7BAB25E22 /* sqlite3.c */ = {isa = PBXFileReference; explicitFileType = undefined; fileEncoding = 9; includeInIndex = 0; lastKnownFileType = unknown; name = sqlite3.c; path = "cordova-sqlite-storage/sqlite3.c"; sourceTree = "<group>"; };
		CB070D7A1B234093991A8E0C /* UIKit.framework */ = {isa = PBXFileReference; explicitFileType = undefined; fileEncoding = 9; includeInIndex = 0; lastKnownFileType = wrapper.framework; name = UIKit.framework; path = System/Library/Frameworks/UIKit.framework; sourceTree = SDKROOT; };
		D8A894370D40495D9444C511 /* SystemConfiguration.framework */ = {isa = PBXFileReference; explicitFileType = undefined; fileEncoding = 9; includeInIndex = 0; lastKnownFileType = wrapper.framework; name = SystemConfiguration.framework; path = System/Library/Frameworks/SystemConfiguration.framework; sourceTree = SDKROOT; };
		D9036D6A20644EEAB95BE203 /* libWikitudeSDK-simulator.a */ = {isa = PBXFileReference; explicitFileType = undefined; fileEncoding = 9; includeInIndex = 0; lastKnownFileType = archive.ar; name = "libWikitudeSDK-simulator.a"; path = "Linxapp/Plugins/com.wikitude.phonegap.WikitudePlugin/libWikitudeSDK-simulator.a"; sourceTree = "<group>"; };
		DC949CB927E448A89F1F3AD1 /* WTARViewController.h */ = {isa = PBXFileReference; explicitFileType = undefined; fileEncoding = 4; includeInIndex = 0; lastKnownFileType = sourcecode.c.h; name = WTARViewController.h; path = com.wikitude.phonegap.WikitudePlugin/WTARViewController.h; sourceTree = "<group>"; };
		E020B94D16B847D1ADEEBB13 /* CDVLogger.m */ = {isa = PBXFileReference; explicitFileType = undefined; fileEncoding = 4; includeInIndex = 0; lastKnownFileType = sourcecode.c.objc; name = CDVLogger.m; path = "cordova-plugin-console/CDVLogger.m"; sourceTree = "<group>"; };
		E5A32D5F552449009058E891 /* ImageIO.framework */ = {isa = PBXFileReference; explicitFileType = undefined; fileEncoding = 9; includeInIndex = 0; lastKnownFileType = wrapper.framework; name = ImageIO.framework; path = System/Library/Frameworks/ImageIO.framework; sourceTree = SDKROOT; };
		E746DD165CC149479018CF8C /* CoreMedia.framework */ = {isa = PBXFileReference; explicitFileType = undefined; fileEncoding = 9; includeInIndex = 0; lastKnownFileType = wrapper.framework; name = CoreMedia.framework; path = System/Library/Frameworks/CoreMedia.framework; sourceTree = SDKROOT; };
		EB87FDF31871DA8E0020F90C /* www */ = {isa = PBXFileReference; lastKnownFileType = folder; name = www; path = ../../www; sourceTree = "<group>"; };
		EB87FDF41871DAF40020F90C /* config.xml */ = {isa = PBXFileReference; lastKnownFileType = text.xml; name = config.xml; path = ../../config.xml; sourceTree = "<group>"; };
		EC1F450505B34D1E99D3A37C /* WTStartupConfiguration.h */ = {isa = PBXFileReference; explicitFileType = undefined; fileEncoding = 4; includeInIndex = 0; lastKnownFileType = sourcecode.c.h; name = WTStartupConfiguration.h; path = com.wikitude.phonegap.WikitudePlugin/WTStartupConfiguration.h; sourceTree = "<group>"; };
		ED33DF2A687741AEAF9F8254 /* Bridging-Header.h */ = {isa = PBXFileReference; fileEncoding = 4; lastKnownFileType = sourcecode.c.h; path = "Bridging-Header.h"; sourceTree = "<group>"; };
		F45A1CD143044ECFBC1E7405 /* Stripe.framework */ = {isa = PBXFileReference; explicitFileType = undefined; fileEncoding = 9; includeInIndex = 0; lastKnownFileType = wrapper.framework; name = Stripe.framework; path = "Linxapp/Plugins/cordova-plugin-stripe/Stripe.framework"; sourceTree = "<group>"; };
		F7A90D103C7C4BD382BE4697 /* CDVJpegHeaderWriter.m */ = {isa = PBXFileReference; explicitFileType = undefined; fileEncoding = 4; includeInIndex = 0; lastKnownFileType = sourcecode.c.objc; name = CDVJpegHeaderWriter.m; path = "cordova-plugin-camera/CDVJpegHeaderWriter.m"; sourceTree = "<group>"; };
		F840E1F0165FE0F500CFE078 /* config.xml */ = {isa = PBXFileReference; lastKnownFileType = text.xml; name = config.xml; path = Linxapp/config.xml; sourceTree = "<group>"; };
		F9C1B6E5EE3A4BE6BA1B6A13 /* CDVStatusBar.h */ = {isa = PBXFileReference; explicitFileType = undefined; fileEncoding = 4; includeInIndex = 0; lastKnownFileType = sourcecode.c.h; name = CDVStatusBar.h; path = "cordova-plugin-statusbar/CDVStatusBar.h"; sourceTree = "<group>"; };
/* End PBXFileReference section */

/* Begin PBXFrameworksBuildPhase section */
		1D60588F0D05DD3D006BFB54 /* Frameworks */ = {
			isa = PBXFrameworksBuildPhase;
			buildActionMask = 2147483647;
			files = (
				301BF552109A68D80062928A /* libCordova.a in Frameworks */,
				B6C61672655C4680998094F2 /* libWikitudeSDK.a in Frameworks */,
				1638FACA4BF54D069798EFEB /* libWikitudeSDK-simulator.a in Frameworks */,
				DE9470B3A2144D32975D4B66 /* Accelerate.framework in Frameworks */,
				EE35D92761E74303AAB34A7A /* AVFoundation.framework in Frameworks */,
				BC210CC59B314ECEBB3942EC /* CFNetwork.framework in Frameworks */,
				3E10797CB97B465083A18ADE /* CoreLocation.framework in Frameworks */,
				9E347CC5AFAB49A08C9B2599 /* CoreMedia.framework in Frameworks */,
				B31A76CB230E424ABEDCDAE2 /* CoreMotion.framework in Frameworks */,
				1FA2FFE5F97F43948BCBAB10 /* CoreText.framework in Frameworks */,
				C0AF313C8B734773A85ABDE8 /* CoreVideo.framework in Frameworks */,
				BE3CFCBAD807423EAB4DFE78 /* Foundation.framework in Frameworks */,
				47CC77C969D449A097E125BE /* MediaPlayer.framework in Frameworks */,
				29189F47CEFB4572AAF731D8 /* OpenGLES.framework in Frameworks */,
				7E48E562FFED4CAC9CF0887E /* Photos.framework in Frameworks */,
				A03FE170F7244CB38A9368F5 /* QuartzCore.framework in Frameworks */,
				5AE4FF13F2B0499AB0BE214D /* SafariServices.framework in Frameworks */,
				CE8B3A3BE7E24B3BB305059D /* Security.framework in Frameworks */,
				BDD60181D44040D2AE1F6369 /* SystemConfiguration.framework in Frameworks */,
				9D2A168529B44A708F7A59B8 /* UIKit.framework in Frameworks */,
				821EAAA934E54F488CCD3567 /* libc++.dylib in Frameworks */,
				1EE099C848364DD6B8C99C57 /* libz.dylib in Frameworks */,
				E45961CB47B9465D937F9A3F /* ImageIO.framework in Frameworks */,
				425FFAA24CAA4E01AA8B501A /* Bolts.framework in Frameworks */,
				649770EA47E345C1A2447D37 /* FBSDKCoreKit.framework in Frameworks */,
				C54A73374FF641A493373D2A /* FBSDKLoginKit.framework in Frameworks */,
				54734C5D342E492FAB27D87A /* FBSDKShareKit.framework in Frameworks */,
				C96CE41E241A4242A2F51F25 /* Stripe.framework in Frameworks */,
			);
			runOnlyForDeploymentPostprocessing = 0;
		};
/* End PBXFrameworksBuildPhase section */

/* Begin PBXGroup section */
		080E96DDFE201D6D7F000001 /* Classes */ = {
			isa = PBXGroup;
			children = (
				302D95EE14D2391D003F00A1 /* MainViewController.h */,
				302D95EF14D2391D003F00A1 /* MainViewController.m */,
				302D95F014D2391D003F00A1 /* MainViewController.xib */,
				1D3623240D0F684500981E51 /* AppDelegate.h */,
				1D3623250D0F684500981E51 /* AppDelegate.m */,
			);
			name = Classes;
			path = Linxapp/Classes;
			sourceTree = SOURCE_ROOT;
		};
		19C28FACFE9D520D11CA2CBB /* Products */ = {
			isa = PBXGroup;
			children = (
				1D6058910D05DD3D006BFB54 /* Linxapp.app */,
			);
			name = Products;
			sourceTree = "<group>";
		};
		29B97314FDCFA39411CA2CEA /* CustomTemplate */ = {
			isa = PBXGroup;
			children = (
				EB87FDF41871DAF40020F90C /* config.xml */,
				EB87FDF31871DA8E0020F90C /* www */,
				EB87FDF11871DA420020F90C /* Staging */,
				301BF52D109A57CC0062928A /* CordovaLib.xcodeproj */,
				080E96DDFE201D6D7F000001 /* Classes */,
				307C750510C5A3420062BCA9 /* Plugins */,
				29B97315FDCFA39411CA2CEA /* Other Sources */,
				29B97317FDCFA39411CA2CEA /* Resources */,
				29B97323FDCFA39411CA2CEA /* Frameworks */,
				19C28FACFE9D520D11CA2CBB /* Products */,
			);
			name = CustomTemplate;
			sourceTree = "<group>";
		};
		29B97315FDCFA39411CA2CEA /* Other Sources */ = {
			isa = PBXGroup;
			children = (
				32CA4F630368D1EE00C91783 /* Linxapp-Prefix.pch */,
				29B97316FDCFA39411CA2CEA /* main.m */,
				ED33DF2A687741AEAF9F8254 /* Bridging-Header.h */,
			);
			name = "Other Sources";
			path = Linxapp;
			sourceTree = "<group>";
		};
		29B97317FDCFA39411CA2CEA /* Resources */ = {
			isa = PBXGroup;
			children = (
				0207DA571B56EA530066E2B4 /* Images.xcassets */,
				3047A50E1AB8057F00498E2A /* config */,
				8D1107310486CEB800E47090 /* Linxapp-Info.plist */,
				6AFF5BF81D6E424B00AB3073 /* CDVLaunchScreen.storyboard */,
			);
			name = Resources;
			path = Linxapp/Resources;
			sourceTree = "<group>";
		};
		29B97323FDCFA39411CA2CEA /* Frameworks */ = {
			isa = PBXGroup;
			children = (
				32F4334A45434FE0A19B1294 /* libWikitudeSDK.a */,
				D9036D6A20644EEAB95BE203 /* libWikitudeSDK-simulator.a */,
				9A81429A248E49A689C90E81 /* Accelerate.framework */,
				603105661E1B4A66BCE5DF9A /* AVFoundation.framework */,
				7043B77EF56548179444A5BD /* CFNetwork.framework */,
				32FEEAD1149A44839705C920 /* CoreLocation.framework */,
				E746DD165CC149479018CF8C /* CoreMedia.framework */,
				254B5314B257422398969F88 /* CoreMotion.framework */,
				694083DD2A02412186EE5621 /* CoreText.framework */,
				6B933282189C4324983982FE /* CoreVideo.framework */,
				715D8A79560F403191DC78B6 /* Foundation.framework */,
				6DD47CAA5CAD43008C9ED4FB /* MediaPlayer.framework */,
				5FEDD01479C84E3A8B6B8FD5 /* OpenGLES.framework */,
				A499A12F2E7C469C97FB5600 /* Photos.framework */,
				1A6338B778E040DB861804D1 /* QuartzCore.framework */,
				0C7DBFDE416B408A99AE980D /* SafariServices.framework */,
				6406128D9E3F4EDDA15D5F9A /* Security.framework */,
				D8A894370D40495D9444C511 /* SystemConfiguration.framework */,
				CB070D7A1B234093991A8E0C /* UIKit.framework */,
				85BA4B26662A413B99DD7CA7 /* libc++.dylib */,
				3F56A5D29A89408DB480901C /* libz.dylib */,
				E5A32D5F552449009058E891 /* ImageIO.framework */,
				88DB03E87DA4422E9738CE70 /* Bolts.framework */,
				31918FD9730D4E57BF5448DB /* FBSDKCoreKit.framework */,
				A3180A302D48469A92C91B55 /* FBSDKLoginKit.framework */,
				7ABF4453E49A4994812AB5CD /* FBSDKShareKit.framework */,
				F45A1CD143044ECFBC1E7405 /* Stripe.framework */,
			);
			name = Frameworks;
			sourceTree = "<group>";
		};
		301BF52E109A57CC0062928A /* Products */ = {
			isa = PBXGroup;
			children = (
				301BF535109A57CC0062928A /* libCordova.a */,
			);
			name = Products;
			sourceTree = "<group>";
		};
		3047A50E1AB8057F00498E2A /* config */ = {
			isa = PBXGroup;
			children = (
				3047A50F1AB8059700498E2A /* build-debug.xcconfig */,
				3047A5101AB8059700498E2A /* build-release.xcconfig */,
				3047A5111AB8059700498E2A /* build.xcconfig */,
			);
			name = config;
			sourceTree = "<group>";
		};
		307C750510C5A3420062BCA9 /* Plugins */ = {
			isa = PBXGroup;
			children = (
				09D430D192634126854454BC /* WTWikitudePlugin.m */,
				0D369D7236B547BCA26A05EA /* WTARViewController.m */,
				561D3AFC2D244186B22B0B95 /* WTWikitudePlugin.h */,
				DC949CB927E448A89F1F3AD1 /* WTARViewController.h */,
				50AC353CB362438A941BA899 /* WikitudeSDK.h */,
				27B36A2CA68E4571AF8C0612 /* WTArchitectView.h */,
				B42550B05B0E4D728AAF935A /* WTNavigation.h */,
				EC1F450505B34D1E99D3A37C /* WTStartupConfiguration.h */,
				8064660C2EE247038B561FFE /* WTArchitectStartupConfiguration.h */,
				972DD43687094614B2A05B21 /* WTSDKBuildInformation.h */,
				A0A4370CA9AF4552965F2973 /* WTArchitectViewDebugDelegate.h */,
				89A1E4B60D6341FD912E2609 /* WTAuthorizationRequestManager.h */,
				5F38EDA400144AC0ABE67BAD /* WTWikitudeTypes.h */,
				4EB6D701D4BD42B6B4415602 /* UIImage+CropScaleOrientation.m */,
				AAF88BDEBFE64C34ACE1D29D /* CDVCamera.m */,
				F7A90D103C7C4BD382BE4697 /* CDVJpegHeaderWriter.m */,
				B2BAC2DACE96493BBD9BC742 /* UIImage+CropScaleOrientation.h */,
				410976C7925D442F84D23826 /* CDVCamera.h */,
				A58A0C9007EF47C2B98FEB50 /* CDVJpegHeaderWriter.h */,
				55DD1175B62F4E7E95E26AA6 /* CDVExif.h */,
				E020B94D16B847D1ADEEBB13 /* CDVLogger.m */,
				4CEEC893E6E5417D9C89E41C /* CDVLogger.h */,
				42B860BE7A2A4D3AA2832388 /* FacebookConnectPlugin.m */,
				72D5C9C4B9CB41719679168F /* FacebookConnectPlugin.h */,
				11C0951CE2BE4D5891249EC5 /* CDVLocation.m */,
				953C6846F38C4DC592B5B733 /* CDVLocation.h */,
				99AB4713280840E99AE1F5DB /* CDVStatusBar.m */,
				F9C1B6E5EE3A4BE6BA1B6A13 /* CDVStatusBar.h */,
				6CAE2D4A59DD4301BAEDC983 /* CordovaStripe.m */,
				69453EE7B92B4CFB9E7C5AA3 /* CordovaStripe.h */,
				580EF75CF55040E1AEB58574 /* SQLitePlugin.m */,
				CA6E5932F12844C7BAB25E22 /* sqlite3.c */,
				9DC4C2E00A3042038A0CC393 /* SQLitePlugin.h */,
				7BF2C81F520F43E7894E0F2C /* sqlite3.h */,
			);
			name = Plugins;
			path = Linxapp/Plugins;
			sourceTree = SOURCE_ROOT;
		};
		EB87FDF11871DA420020F90C /* Staging */ = {
			isa = PBXGroup;
			children = (
				F840E1F0165FE0F500CFE078 /* config.xml */,
				301BF56E109A69640062928A /* www */,
			);
			name = Staging;
			sourceTree = "<group>";
		};
/* End PBXGroup section */

/* Begin PBXNativeTarget section */
		1D6058900D05DD3D006BFB54 /* Linxapp */ = {
			isa = PBXNativeTarget;
			buildConfigurationList = 1D6058960D05DD3E006BFB54 /* Build configuration list for PBXNativeTarget "Linxapp" */;
			buildPhases = (
				304B58A110DAC018002A0835 /* Copy www directory */,
				1D60588D0D05DD3D006BFB54 /* Resources */,
				1D60588E0D05DD3D006BFB54 /* Sources */,
				1D60588F0D05DD3D006BFB54 /* Frameworks */,
			);
			buildRules = (
			);
			dependencies = (
				301BF551109A68C00062928A /* PBXTargetDependency */,
			);
			name = Linxapp;
			productName = Linxapp;
			productReference = 1D6058910D05DD3D006BFB54 /* Linxapp.app */;
			productType = "com.apple.product-type.application";
		};
/* End PBXNativeTarget section */

/* Begin PBXProject section */
		29B97313FDCFA39411CA2CEA /* Project object */ = {
			isa = PBXProject;
			attributes = {
				LastUpgradeCheck = 510;
				TargetAttributes = {
					1D6058900D05DD3D006BFB54 = {
						DevelopmentTeam = A24EY6XQJ9;
					};
				};
			};
			buildConfigurationList = C01FCF4E08A954540054247B /* Build configuration list for PBXProject "Linxapp" */;
			compatibilityVersion = "Xcode 3.2";
			developmentRegion = English;
			hasScannedForEncodings = 1;
			knownRegions = (
				en,
			);
			mainGroup = 29B97314FDCFA39411CA2CEA /* CustomTemplate */;
			projectDirPath = "";
			projectReferences = (
				{
					ProductGroup = 301BF52E109A57CC0062928A /* Products */;
					ProjectRef = 301BF52D109A57CC0062928A /* CordovaLib.xcodeproj */;
				},
			);
			projectRoot = "";
			targets = (
				1D6058900D05DD3D006BFB54 /* Linxapp */,
			);
		};
/* End PBXProject section */

/* Begin PBXReferenceProxy section */
		301BF535109A57CC0062928A /* libCordova.a */ = {
			isa = PBXReferenceProxy;
			fileType = archive.ar;
			path = libCordova.a;
			remoteRef = 301BF534109A57CC0062928A /* PBXContainerItemProxy */;
			sourceTree = BUILT_PRODUCTS_DIR;
		};
/* End PBXReferenceProxy section */

/* Begin PBXResourcesBuildPhase section */
		1D60588D0D05DD3D006BFB54 /* Resources */ = {
			isa = PBXResourcesBuildPhase;
			buildActionMask = 2147483647;
			files = (
				302D95F214D2391D003F00A1 /* MainViewController.xib in Resources */,
				0207DA581B56EA530066E2B4 /* Images.xcassets in Resources */,
				6AFF5BF91D6E424B00AB3073 /* CDVLaunchScreen.storyboard in Resources */,
			);
			runOnlyForDeploymentPostprocessing = 0;
		};
/* End PBXResourcesBuildPhase section */

/* Begin PBXShellScriptBuildPhase section */
		304B58A110DAC018002A0835 /* Copy www directory */ = {
			isa = PBXShellScriptBuildPhase;
			buildActionMask = 2147483647;
			files = (
			);
			inputPaths = (
			);
			name = "Copy www directory";
			outputPaths = (
			);
			runOnlyForDeploymentPostprocessing = 0;
			shellPath = /bin/sh;
			shellScript = "NODEJS_PATH=/usr/local/bin; NVM_NODE_PATH=~/.nvm/versions/node/`nvm version 2>/dev/null`/bin; N_NODE_PATH=`find /usr/local/n/versions/node/* -maxdepth 0 -type d 2>/dev/null | tail -1`/bin; XCODE_NODE_PATH=`xcode-select --print-path`/usr/share/xcs/Node/bin; PATH=$NODEJS_PATH:$NVM_NODE_PATH:$N_NODE_PATH:$XCODE_NODE_PATH:$PATH && node cordova/lib/copy-www-build-step.js";
			showEnvVarsInLog = 0;
		};
/* End PBXShellScriptBuildPhase section */

/* Begin PBXSourcesBuildPhase section */
		1D60588E0D05DD3D006BFB54 /* Sources */ = {
			isa = PBXSourcesBuildPhase;
			buildActionMask = 2147483647;
			files = (
				1D60589B0D05DD56006BFB54 /* main.m in Sources */,
				1D3623260D0F684500981E51 /* AppDelegate.m in Sources */,
				302D95F114D2391D003F00A1 /* MainViewController.m in Sources */,
				03E26629D961454F9C1AA0C7 /* WTWikitudePlugin.m in Sources */,
				AC87B4F5CB134B33ADDDE8C1 /* WTARViewController.m in Sources */,
				783A0DEC1AFA4F509FA2FDFE /* UIImage+CropScaleOrientation.m in Sources */,
				1FD8DAD2A248437CB5E563BC /* CDVCamera.m in Sources */,
				E69841B230E34056B4249BD8 /* CDVJpegHeaderWriter.m in Sources */,
				27E93BBA911F41B68E14C5CA /* CDVLogger.m in Sources */,
				26617495B8904BDDBC27DEFE /* FacebookConnectPlugin.m in Sources */,
				66FDE21524CC4BF3BC010B86 /* CDVLocation.m in Sources */,
				D60FC257EE7F442CBF1AFE33 /* CDVStatusBar.m in Sources */,
				0C103D77263D4D38ACD5A9B4 /* CordovaStripe.m in Sources */,
				31D6CF51688140098DFB196C /* SQLitePlugin.m in Sources */,
				34B33615BE474B33A865AD93 /* sqlite3.c in Sources */,
			);
			runOnlyForDeploymentPostprocessing = 0;
		};
/* End PBXSourcesBuildPhase section */

/* Begin PBXTargetDependency section */
		301BF551109A68C00062928A /* PBXTargetDependency */ = {
			isa = PBXTargetDependency;
			name = CordovaLib;
			targetProxy = 301BF550109A68C00062928A /* PBXContainerItemProxy */;
		};
/* End PBXTargetDependency section */

/* Begin XCBuildConfiguration section */
		1D6058940D05DD3E006BFB54 /* Debug */ = {
			isa = XCBuildConfiguration;
			baseConfigurationReference = 3047A50F1AB8059700498E2A /* build-debug.xcconfig */;
			buildSettings = {
				ALWAYS_SEARCH_USER_PATHS = NO;
				ASSETCATALOG_COMPILER_APPICON_NAME = AppIcon;
				ASSETCATALOG_COMPILER_LAUNCHIMAGE_NAME = LaunchImage;
				CLANG_ENABLE_MODULES = YES;
				CLANG_ENABLE_OBJC_ARC = YES;
				COPY_PHASE_STRIP = NO;
				DEVELOPMENT_TEAM = A24EY6XQJ9;
				FRAMEWORK_SEARCH_PATHS = (
					"$(inherited)",
					"\"Linxapp/Plugins/cordova-plugin-facebook4\"",
					"\"Linxapp/Plugins/cordova-plugin-facebook4\"",
					"\"Linxapp/Plugins/cordova-plugin-facebook4\"",
					"\"Linxapp/Plugins/cordova-plugin-facebook4\"",
					"\"Linxapp/Plugins/cordova-plugin-stripe\"",
				);
				GCC_DYNAMIC_NO_PIC = NO;
				GCC_OPTIMIZATION_LEVEL = 0;
				GCC_PRECOMPILE_PREFIX_HEADER = YES;
				GCC_PREFIX_HEADER = "Linxapp/Linxapp-Prefix.pch";
				GCC_THUMB_SUPPORT = NO;
				GCC_VERSION = "";
				INFOPLIST_FILE = "Linxapp/Linxapp-Info.plist";
				IPHONEOS_DEPLOYMENT_TARGET = 8.0;
				LD_RUNPATH_SEARCH_PATHS = "@executable_path/Frameworks";
				LIBRARY_SEARCH_PATHS = (
					"$(inherited)",
					"\"$(SRCROOT)/Linxapp/Plugins/com.wikitude.phonegap.WikitudePlugin\"",
					"\"$(SRCROOT)/Linxapp/Plugins/com.wikitude.phonegap.WikitudePlugin\"",
				);
				PRODUCT_NAME = Linxapp;
				TARGETED_DEVICE_FAMILY = "1,2";
			};
			name = Debug;
		};
		1D6058950D05DD3E006BFB54 /* Release */ = {
			isa = XCBuildConfiguration;
			baseConfigurationReference = 3047A5101AB8059700498E2A /* build-release.xcconfig */;
			buildSettings = {
				ALWAYS_SEARCH_USER_PATHS = NO;
				ASSETCATALOG_COMPILER_APPICON_NAME = AppIcon;
				ASSETCATALOG_COMPILER_LAUNCHIMAGE_NAME = LaunchImage;
				CLANG_ENABLE_MODULES = YES;
				CLANG_ENABLE_OBJC_ARC = YES;
				COPY_PHASE_STRIP = YES;
				DEVELOPMENT_TEAM = A24EY6XQJ9;
				FRAMEWORK_SEARCH_PATHS = (
					"$(inherited)",
					"\"Linxapp/Plugins/cordova-plugin-facebook4\"",
					"\"Linxapp/Plugins/cordova-plugin-facebook4\"",
					"\"Linxapp/Plugins/cordova-plugin-facebook4\"",
					"\"Linxapp/Plugins/cordova-plugin-facebook4\"",
					"\"Linxapp/Plugins/cordova-plugin-stripe\"",
				);
				GCC_PRECOMPILE_PREFIX_HEADER = YES;
				GCC_PREFIX_HEADER = "Linxapp/Linxapp-Prefix.pch";
				GCC_THUMB_SUPPORT = NO;
				GCC_VERSION = "";
				INFOPLIST_FILE = "Linxapp/Linxapp-Info.plist";
				IPHONEOS_DEPLOYMENT_TARGET = 8.0;
				LD_RUNPATH_SEARCH_PATHS = "@executable_path/Frameworks";
				LIBRARY_SEARCH_PATHS = (
					"$(inherited)",
					"\"$(SRCROOT)/Linxapp/Plugins/com.wikitude.phonegap.WikitudePlugin\"",
					"\"$(SRCROOT)/Linxapp/Plugins/com.wikitude.phonegap.WikitudePlugin\"",
				);
				PRODUCT_NAME = Linxapp;
				TARGETED_DEVICE_FAMILY = "1,2";
			};
			name = Release;
		};
		C01FCF4F08A954540054247B /* Debug */ = {
			isa = XCBuildConfiguration;
			baseConfigurationReference = 3047A5111AB8059700498E2A /* build.xcconfig */;
			buildSettings = {
				CLANG_ENABLE_MODULES = YES;
				CLANG_ENABLE_OBJC_ARC = YES;
				CLANG_WARN_BOOL_CONVERSION = YES;
				CLANG_WARN_CONSTANT_CONVERSION = YES;
				CLANG_WARN_EMPTY_BODY = YES;
				CLANG_WARN_ENUM_CONVERSION = YES;
				CLANG_WARN_INT_CONVERSION = YES;
				CLANG_WARN__DUPLICATE_METHOD_MATCH = YES;
				GCC_C_LANGUAGE_STANDARD = c99;
				GCC_THUMB_SUPPORT = NO;
				GCC_VERSION = "";
				GCC_WARN_ABOUT_RETURN_TYPE = YES;
				GCC_WARN_UNDECLARED_SELECTOR = YES;
				GCC_WARN_UNINITIALIZED_AUTOS = YES;
				GCC_WARN_UNUSED_FUNCTION = YES;
				GCC_WARN_UNUSED_VARIABLE = YES;
				ONLY_ACTIVE_ARCH = YES;
				SDKROOT = iphoneos;
				SKIP_INSTALL = NO;
			};
			name = Debug;
		};
		C01FCF5008A954540054247B /* Release */ = {
			isa = XCBuildConfiguration;
			baseConfigurationReference = 3047A5111AB8059700498E2A /* build.xcconfig */;
			buildSettings = {
				CLANG_ENABLE_MODULES = YES;
				CLANG_ENABLE_OBJC_ARC = YES;
				CLANG_WARN_BOOL_CONVERSION = YES;
				CLANG_WARN_CONSTANT_CONVERSION = YES;
				CLANG_WARN_EMPTY_BODY = YES;
				CLANG_WARN_ENUM_CONVERSION = YES;
				CLANG_WARN_INT_CONVERSION = YES;
				CLANG_WARN__DUPLICATE_METHOD_MATCH = YES;
				GCC_C_LANGUAGE_STANDARD = c99;
				GCC_THUMB_SUPPORT = NO;
				GCC_VERSION = "";
				GCC_WARN_ABOUT_RETURN_TYPE = YES;
				GCC_WARN_UNDECLARED_SELECTOR = YES;
				GCC_WARN_UNINITIALIZED_AUTOS = YES;
				GCC_WARN_UNUSED_FUNCTION = YES;
				GCC_WARN_UNUSED_VARIABLE = YES;
				SDKROOT = iphoneos;
				SKIP_INSTALL = NO;
			};
			name = Release;
		};
/* End XCBuildConfiguration section */

/* Begin XCConfigurationList section */
		1D6058960D05DD3E006BFB54 /* Build configuration list for PBXNativeTarget "Linxapp" */ = {
			isa = XCConfigurationList;
			buildConfigurations = (
				1D6058940D05DD3E006BFB54 /* Debug */,
				1D6058950D05DD3E006BFB54 /* Release */,
			);
			defaultConfigurationIsVisible = 0;
			defaultConfigurationName = Release;
		};
		C01FCF4E08A954540054247B /* Build configuration list for PBXProject "Linxapp" */ = {
			isa = XCConfigurationList;
			buildConfigurations = (
				C01FCF4F08A954540054247B /* Debug */,
				C01FCF5008A954540054247B /* Release */,
			);
			defaultConfigurationIsVisible = 0;
			defaultConfigurationName = Release;
		};
/* End XCConfigurationList section */
	};
	rootObject = 29B97313FDCFA39411CA2CEA /* Project object */;
}
