// !$*UTF8*$!
{
	archiveVersion = 1;
	classes = {
	};
	objectVersion = 46;
	objects = {

/* Begin PBXBuildFile section */
		0140A7B7AFAC441DA2C13B96 /* libWikitudeSDK.a in Frameworks */ = {isa = PBXBuildFile; fileRef = 017D531E1AD646F4B2F12010 /* libWikitudeSDK.a */; };
		0207DA581B56EA530066E2B4 /* Images.xcassets in Resources */ = {isa = PBXBuildFile; fileRef = 0207DA571B56EA530066E2B4 /* Images.xcassets */; };
		094343F0E505475D8E8592DA /* libc++.dylib in Frameworks */ = {isa = PBXBuildFile; fileRef = CD75934912104EE582D9E971 /* libc++.dylib */; };
		0B80E68839E343BCA8139512 /* CDVJpegHeaderWriter.m in Sources */ = {isa = PBXBuildFile; fileRef = 763912F07B7A46C09C9E69AA /* CDVJpegHeaderWriter.m */; };
		0FB6279BA90C44549DF26164 /* UIImage+CropScaleOrientation.m in Sources */ = {isa = PBXBuildFile; fileRef = 803C20B40B2C4CABB0F4533F /* UIImage+CropScaleOrientation.m */; };
		0FC988479701417198CCD33A /* UIKit.framework in Frameworks */ = {isa = PBXBuildFile; fileRef = 70F34CCD48F84330AB16561E /* UIKit.framework */; };
		10C2A00D46754D438D4A4B60 /* AVFoundation.framework in Frameworks */ = {isa = PBXBuildFile; fileRef = 153D6AAA89CD455289F7F038 /* AVFoundation.framework */; };
		12A3D5B21DB04C0086516D5E /* Bolts.framework in Frameworks */ = {isa = PBXBuildFile; fileRef = 2475AC0F02754845B263CAFC /* Bolts.framework */; };
		1BD8E1627C7242DEB9377F00 /* SystemConfiguration.framework in Frameworks */ = {isa = PBXBuildFile; fileRef = C02BA2B4F7484A15A9912741 /* SystemConfiguration.framework */; };
		1D3623260D0F684500981E51 /* AppDelegate.m in Sources */ = {isa = PBXBuildFile; fileRef = 1D3623250D0F684500981E51 /* AppDelegate.m */; };
		1D60589B0D05DD56006BFB54 /* main.m in Sources */ = {isa = PBXBuildFile; fileRef = 29B97316FDCFA39411CA2CEA /* main.m */; };
		2A6016455FF34468B2D5F3B3 /* MediaPlayer.framework in Frameworks */ = {isa = PBXBuildFile; fileRef = 1B0819683F124FD68B20C59B /* MediaPlayer.framework */; };
		301BF552109A68D80062928A /* libCordova.a in Frameworks */ = {isa = PBXBuildFile; fileRef = 301BF535109A57CC0062928A /* libCordova.a */; };
		302D95F114D2391D003F00A1 /* MainViewController.m in Sources */ = {isa = PBXBuildFile; fileRef = 302D95EF14D2391D003F00A1 /* MainViewController.m */; };
		302D95F214D2391D003F00A1 /* MainViewController.xib in Resources */ = {isa = PBXBuildFile; fileRef = 302D95F014D2391D003F00A1 /* MainViewController.xib */; };
		3CAF025122BE4D10BA2F9F35 /* Photos.framework in Frameworks */ = {isa = PBXBuildFile; fileRef = A6C9F4BEC74742929BA1EAF6 /* Photos.framework */; };
		49563730DE84476E920A6A38 /* FBSDKCoreKit.framework in Frameworks */ = {isa = PBXBuildFile; fileRef = 1D05E8BE5B4F42ABAFFB24BA /* FBSDKCoreKit.framework */; };
		4B03608146B84307BE82F858 /* CDVLocation.m in Sources */ = {isa = PBXBuildFile; fileRef = 01B49BC0BDBA4CFABC605E9A /* CDVLocation.m */; };
		4D4C34010E1F4470B111AC1D /* Security.framework in Frameworks */ = {isa = PBXBuildFile; fileRef = AA8E2982AEFB438983088C00 /* Security.framework */; };
		5B3AAF28479E4EEE84D3339E /* Accelerate.framework in Frameworks */ = {isa = PBXBuildFile; fileRef = DB7F8E54D5BD43AAAF6E308E /* Accelerate.framework */; };
		6101A744C18440A88CDC4BE6 /* ImageIO.framework in Frameworks */ = {isa = PBXBuildFile; fileRef = 2D9D04F58F9E42B89C5CDF80 /* ImageIO.framework */; settings = {ATTRIBUTES = (Weak, ); }; };
		6A6E980C5A3A44DDAD99363E /* QuartzCore.framework in Frameworks */ = {isa = PBXBuildFile; fileRef = AEC4BB4081FB4520843D16A4 /* QuartzCore.framework */; };
		6AFF5BF91D6E424B00AB3073 /* CDVLaunchScreen.storyboard in Resources */ = {isa = PBXBuildFile; fileRef = 6AFF5BF81D6E424B00AB3073 /* CDVLaunchScreen.storyboard */; };
		7622D85A45C34CE0A21E0FB2 /* CFNetwork.framework in Frameworks */ = {isa = PBXBuildFile; fileRef = CACA1FEAF63249ABA9E0E678 /* CFNetwork.framework */; };
		782402A1EBDD4334AB117B0F /* FacebookConnectPlugin.m in Sources */ = {isa = PBXBuildFile; fileRef = B9324D1A25734E2EAC13A997 /* FacebookConnectPlugin.m */; };
		81AE3511AADB43748911B5CF /* CDVLogger.m in Sources */ = {isa = PBXBuildFile; fileRef = 122189F6E7434387B86BEA56 /* CDVLogger.m */; };
		928176562B74421D850FF1E0 /* Foundation.framework in Frameworks */ = {isa = PBXBuildFile; fileRef = E5003B24C0964DD68A5F5180 /* Foundation.framework */; };
		95A7B868A1CA4D3E907E64ED /* OpenGLES.framework in Frameworks */ = {isa = PBXBuildFile; fileRef = 24EF9BF1D5384F76A0E91E23 /* OpenGLES.framework */; };
		97416EC4DAB847CC8D4C1942 /* libz.dylib in Frameworks */ = {isa = PBXBuildFile; fileRef = 25E6F53B67B94F5CA0FB73B0 /* libz.dylib */; };
		9A7D2EB6A5354EE588EBA8B9 /* WTWikitudePlugin.m in Sources */ = {isa = PBXBuildFile; fileRef = 9E7A461BBF9D4E8BBFA7A5F5 /* WTWikitudePlugin.m */; };
		9B45515F131F49A190011AEF /* libWikitudeSDK-simulator.a in Frameworks */ = {isa = PBXBuildFile; fileRef = 6098D4929EF64B318662B63A /* libWikitudeSDK-simulator.a */; };
		A20CD5E5A13B45788E37067A /* CoreMedia.framework in Frameworks */ = {isa = PBXBuildFile; fileRef = E9FAA0EE9CB54C8D8D714E9D /* CoreMedia.framework */; };
		A5856A17A45D47F9B90B62E4 /* FBSDKShareKit.framework in Frameworks */ = {isa = PBXBuildFile; fileRef = A24CB530B0144044A86EBA1E /* FBSDKShareKit.framework */; };
		A7DFF5F7A9A84571A0FB4BF5 /* CoreMotion.framework in Frameworks */ = {isa = PBXBuildFile; fileRef = 9AB7CD0230E64A29A858283C /* CoreMotion.framework */; };
		B0FDF9E223BB4B8A82793E50 /* WTARViewController.m in Sources */ = {isa = PBXBuildFile; fileRef = 247958C39B0543B9A12E7F8E /* WTARViewController.m */; };
		B46A77AFF21643D2AF61A5D5 /* CoreText.framework in Frameworks */ = {isa = PBXBuildFile; fileRef = 791A5432C5664E9FBB65D615 /* CoreText.framework */; };
		B800A84CC1514B7FBF806590 /* CDVCamera.m in Sources */ = {isa = PBXBuildFile; fileRef = 952AC2ADCDA44BCBB1CED541 /* CDVCamera.m */; };
		BF5DCA1D6BF4492CBCAF3832 /* CDVStatusBar.m in Sources */ = {isa = PBXBuildFile; fileRef = 2FB76808B7784699A859F958 /* CDVStatusBar.m */; };
		C2A2DC94A96E42F483896479 /* CoreLocation.framework in Frameworks */ = {isa = PBXBuildFile; fileRef = 1E9A95BFB92B408690FB9E21 /* CoreLocation.framework */; };
		D1283CD0A6574FAC9D6A87A2 /* CoreVideo.framework in Frameworks */ = {isa = PBXBuildFile; fileRef = 8072B79AB68B408DBF2911F1 /* CoreVideo.framework */; };
		EC31017A1EA543EFAEC37656 /* FBSDKLoginKit.framework in Frameworks */ = {isa = PBXBuildFile; fileRef = 65CA29158E0840D39F77AF5F /* FBSDKLoginKit.framework */; };
		F421ADDB2EF246ABAE6C9300 /* SafariServices.framework in Frameworks */ = {isa = PBXBuildFile; fileRef = BC9397E886A34C61BC9A0DD7 /* SafariServices.framework */; };
/* End PBXBuildFile section */

/* Begin PBXContainerItemProxy section */
		301BF534109A57CC0062928A /* PBXContainerItemProxy */ = {
			isa = PBXContainerItemProxy;
			containerPortal = 301BF52D109A57CC0062928A /* CordovaLib.xcodeproj */;
			proxyType = 2;
			remoteGlobalIDString = D2AAC07E0554694100DB518D;
			remoteInfo = CordovaLib;
		};
		301BF550109A68C00062928A /* PBXContainerItemProxy */ = {
			isa = PBXContainerItemProxy;
			containerPortal = 301BF52D109A57CC0062928A /* CordovaLib.xcodeproj */;
			proxyType = 1;
			remoteGlobalIDString = D2AAC07D0554694100DB518D;
			remoteInfo = CordovaLib;
		};
/* End PBXContainerItemProxy section */

/* Begin PBXFileReference section */
		017D531E1AD646F4B2F12010 /* libWikitudeSDK.a */ = {isa = PBXFileReference; explicitFileType = undefined; fileEncoding = 9; includeInIndex = 0; lastKnownFileType = archive.ar; name = libWikitudeSDK.a; path = Linxapp/Plugins/com.wikitude.phonegap.WikitudePlugin/libWikitudeSDK.a; sourceTree = "<group>"; };
		01B49BC0BDBA4CFABC605E9A /* CDVLocation.m */ = {isa = PBXFileReference; explicitFileType = undefined; fileEncoding = 4; includeInIndex = 0; lastKnownFileType = sourcecode.c.objc; name = CDVLocation.m; path = "cordova-plugin-geolocation/CDVLocation.m"; sourceTree = "<group>"; };
		0207DA571B56EA530066E2B4 /* Images.xcassets */ = {isa = PBXFileReference; lastKnownFileType = folder.assetcatalog; name = Images.xcassets; path = Linxapp/Images.xcassets; sourceTree = SOURCE_ROOT; };
		0444B2D7ECEE4E4BA0D1ABD7 /* WTWikitudeTypes.h */ = {isa = PBXFileReference; explicitFileType = undefined; fileEncoding = 4; includeInIndex = 0; lastKnownFileType = sourcecode.c.h; name = WTWikitudeTypes.h; path = com.wikitude.phonegap.WikitudePlugin/WTWikitudeTypes.h; sourceTree = "<group>"; };
		09B2D3A21A9141849F731750 /* WikitudeSDK.h */ = {isa = PBXFileReference; explicitFileType = undefined; fileEncoding = 4; includeInIndex = 0; lastKnownFileType = sourcecode.c.h; name = WikitudeSDK.h; path = com.wikitude.phonegap.WikitudePlugin/WikitudeSDK.h; sourceTree = "<group>"; };
		109811DE39D64D7C99711BD5 /* WTArchitectView.h */ = {isa = PBXFileReference; explicitFileType = undefined; fileEncoding = 4; includeInIndex = 0; lastKnownFileType = sourcecode.c.h; name = WTArchitectView.h; path = com.wikitude.phonegap.WikitudePlugin/WTArchitectView.h; sourceTree = "<group>"; };
		122189F6E7434387B86BEA56 /* CDVLogger.m */ = {isa = PBXFileReference; explicitFileType = undefined; fileEncoding = 4; includeInIndex = 0; lastKnownFileType = sourcecode.c.objc; name = CDVLogger.m; path = "cordova-plugin-console/CDVLogger.m"; sourceTree = "<group>"; };
		153D6AAA89CD455289F7F038 /* AVFoundation.framework */ = {isa = PBXFileReference; explicitFileType = undefined; fileEncoding = 9; includeInIndex = 0; lastKnownFileType = wrapper.framework; name = AVFoundation.framework; path = System/Library/Frameworks/AVFoundation.framework; sourceTree = SDKROOT; };
		174D02C29771480E9AF377DF /* CDVStatusBar.h */ = {isa = PBXFileReference; explicitFileType = undefined; fileEncoding = 4; includeInIndex = 0; lastKnownFileType = sourcecode.c.h; name = CDVStatusBar.h; path = "cordova-plugin-statusbar/CDVStatusBar.h"; sourceTree = "<group>"; };
		1B0819683F124FD68B20C59B /* MediaPlayer.framework */ = {isa = PBXFileReference; explicitFileType = undefined; fileEncoding = 9; includeInIndex = 0; lastKnownFileType = wrapper.framework; name = MediaPlayer.framework; path = System/Library/Frameworks/MediaPlayer.framework; sourceTree = SDKROOT; };
		1D05E8BE5B4F42ABAFFB24BA /* FBSDKCoreKit.framework */ = {isa = PBXFileReference; explicitFileType = undefined; fileEncoding = 9; includeInIndex = 0; lastKnownFileType = wrapper.framework; name = FBSDKCoreKit.framework; path = "Linxapp/Plugins/cordova-plugin-facebook4/FBSDKCoreKit.framework"; sourceTree = "<group>"; };
		1D3623240D0F684500981E51 /* AppDelegate.h */ = {isa = PBXFileReference; fileEncoding = 4; lastKnownFileType = sourcecode.c.h; path = AppDelegate.h; sourceTree = "<group>"; };
		1D3623250D0F684500981E51 /* AppDelegate.m */ = {isa = PBXFileReference; fileEncoding = 4; lastKnownFileType = sourcecode.c.objc; path = AppDelegate.m; sourceTree = "<group>"; };
		1D6058910D05DD3D006BFB54 /* Linxapp.app */ = {isa = PBXFileReference; explicitFileType = wrapper.application; includeInIndex = 0; path = Linxapp.app; sourceTree = BUILT_PRODUCTS_DIR; };
		1E9A95BFB92B408690FB9E21 /* CoreLocation.framework */ = {isa = PBXFileReference; explicitFileType = undefined; fileEncoding = 9; includeInIndex = 0; lastKnownFileType = wrapper.framework; name = CoreLocation.framework; path = System/Library/Frameworks/CoreLocation.framework; sourceTree = SDKROOT; };
		2475AC0F02754845B263CAFC /* Bolts.framework */ = {isa = PBXFileReference; explicitFileType = undefined; fileEncoding = 9; includeInIndex = 0; lastKnownFileType = wrapper.framework; name = Bolts.framework; path = "Linxapp/Plugins/cordova-plugin-facebook4/Bolts.framework"; sourceTree = "<group>"; };
		247958C39B0543B9A12E7F8E /* WTARViewController.m */ = {isa = PBXFileReference; explicitFileType = undefined; fileEncoding = 4; includeInIndex = 0; lastKnownFileType = sourcecode.c.objc; name = WTARViewController.m; path = com.wikitude.phonegap.WikitudePlugin/WTARViewController.m; sourceTree = "<group>"; };
		24EF9BF1D5384F76A0E91E23 /* OpenGLES.framework */ = {isa = PBXFileReference; explicitFileType = undefined; fileEncoding = 9; includeInIndex = 0; lastKnownFileType = wrapper.framework; name = OpenGLES.framework; path = System/Library/Frameworks/OpenGLES.framework; sourceTree = SDKROOT; };
		25E6F53B67B94F5CA0FB73B0 /* libz.dylib */ = {isa = PBXFileReference; explicitFileType = undefined; fileEncoding = 9; includeInIndex = 0; lastKnownFileType = "compiled.mach-o.dylib"; name = libz.dylib; path = usr/lib/libz.dylib; sourceTree = SDKROOT; };
		29B97316FDCFA39411CA2CEA /* main.m */ = {isa = PBXFileReference; fileEncoding = 4; lastKnownFileType = sourcecode.c.objc; path = main.m; sourceTree = "<group>"; };
		2A859540C8044DF585EAC158 /* WTArchitectStartupConfiguration.h */ = {isa = PBXFileReference; explicitFileType = undefined; fileEncoding = 4; includeInIndex = 0; lastKnownFileType = sourcecode.c.h; name = WTArchitectStartupConfiguration.h; path = com.wikitude.phonegap.WikitudePlugin/WTArchitectStartupConfiguration.h; sourceTree = "<group>"; };
		2D9D04F58F9E42B89C5CDF80 /* ImageIO.framework */ = {isa = PBXFileReference; explicitFileType = undefined; fileEncoding = 9; includeInIndex = 0; lastKnownFileType = wrapper.framework; name = ImageIO.framework; path = System/Library/Frameworks/ImageIO.framework; sourceTree = SDKROOT; };
		2FB76808B7784699A859F958 /* CDVStatusBar.m */ = {isa = PBXFileReference; explicitFileType = undefined; fileEncoding = 4; includeInIndex = 0; lastKnownFileType = sourcecode.c.objc; name = CDVStatusBar.m; path = "cordova-plugin-statusbar/CDVStatusBar.m"; sourceTree = "<group>"; };
		301BF52D109A57CC0062928A /* CordovaLib.xcodeproj */ = {isa = PBXFileReference; lastKnownFileType = "wrapper.pb-project"; name = CordovaLib.xcodeproj; path = CordovaLib/CordovaLib.xcodeproj; sourceTree = "<group>"; };
		301BF56E109A69640062928A /* www */ = {isa = PBXFileReference; lastKnownFileType = folder; path = www; sourceTree = SOURCE_ROOT; };
		302D95EE14D2391D003F00A1 /* MainViewController.h */ = {isa = PBXFileReference; fileEncoding = 4; lastKnownFileType = sourcecode.c.h; path = MainViewController.h; sourceTree = "<group>"; };
		302D95EF14D2391D003F00A1 /* MainViewController.m */ = {isa = PBXFileReference; fileEncoding = 4; lastKnownFileType = sourcecode.c.objc; path = MainViewController.m; sourceTree = "<group>"; };
		302D95F014D2391D003F00A1 /* MainViewController.xib */ = {isa = PBXFileReference; fileEncoding = 4; lastKnownFileType = file.xib; path = MainViewController.xib; sourceTree = "<group>"; };
		3047A50F1AB8059700498E2A /* build-debug.xcconfig */ = {isa = PBXFileReference; fileEncoding = 4; lastKnownFileType = text.xcconfig; name = "build-debug.xcconfig"; path = "cordova/build-debug.xcconfig"; sourceTree = SOURCE_ROOT; };
		3047A5101AB8059700498E2A /* build-release.xcconfig */ = {isa = PBXFileReference; fileEncoding = 4; lastKnownFileType = text.xcconfig; name = "build-release.xcconfig"; path = "cordova/build-release.xcconfig"; sourceTree = SOURCE_ROOT; };
		3047A5111AB8059700498E2A /* build.xcconfig */ = {isa = PBXFileReference; fileEncoding = 4; lastKnownFileType = text.xcconfig; name = build.xcconfig; path = cordova/build.xcconfig; sourceTree = SOURCE_ROOT; };
		32CA4F630368D1EE00C91783 /* Linxapp-Prefix.pch */ = {isa = PBXFileReference; fileEncoding = 4; lastKnownFileType = sourcecode.c.h; path = "Linxapp-Prefix.pch"; sourceTree = "<group>"; };
		38D26F8BD56646D3898484D7 /* CDVLogger.h */ = {isa = PBXFileReference; explicitFileType = undefined; fileEncoding = 4; includeInIndex = 0; lastKnownFileType = sourcecode.c.h; name = CDVLogger.h; path = "cordova-plugin-console/CDVLogger.h"; sourceTree = "<group>"; };
		461A2A9CFF2248D193D83943 /* FacebookConnectPlugin.h */ = {isa = PBXFileReference; explicitFileType = undefined; fileEncoding = 4; includeInIndex = 0; lastKnownFileType = sourcecode.c.h; name = FacebookConnectPlugin.h; path = "cordova-plugin-facebook4/FacebookConnectPlugin.h"; sourceTree = "<group>"; };
		4955386C682E4F4290505800 /* WTNavigation.h */ = {isa = PBXFileReference; explicitFileType = undefined; fileEncoding = 4; includeInIndex = 0; lastKnownFileType = sourcecode.c.h; name = WTNavigation.h; path = com.wikitude.phonegap.WikitudePlugin/WTNavigation.h; sourceTree = "<group>"; };
		4F58F80F41ED4DB8B2EE7652 /* WTAuthorizationRequestManager.h */ = {isa = PBXFileReference; explicitFileType = undefined; fileEncoding = 4; includeInIndex = 0; lastKnownFileType = sourcecode.c.h; name = WTAuthorizationRequestManager.h; path = com.wikitude.phonegap.WikitudePlugin/WTAuthorizationRequestManager.h; sourceTree = "<group>"; };
		59C5EFEBA6A945E6A8743242 /* WTStartupConfiguration.h */ = {isa = PBXFileReference; explicitFileType = undefined; fileEncoding = 4; includeInIndex = 0; lastKnownFileType = sourcecode.c.h; name = WTStartupConfiguration.h; path = com.wikitude.phonegap.WikitudePlugin/WTStartupConfiguration.h; sourceTree = "<group>"; };
		6098D4929EF64B318662B63A /* libWikitudeSDK-simulator.a */ = {isa = PBXFileReference; explicitFileType = undefined; fileEncoding = 9; includeInIndex = 0; lastKnownFileType = archive.ar; name = "libWikitudeSDK-simulator.a"; path = "Linxapp/Plugins/com.wikitude.phonegap.WikitudePlugin/libWikitudeSDK-simulator.a"; sourceTree = "<group>"; };
		65CA29158E0840D39F77AF5F /* FBSDKLoginKit.framework */ = {isa = PBXFileReference; explicitFileType = undefined; fileEncoding = 9; includeInIndex = 0; lastKnownFileType = wrapper.framework; name = FBSDKLoginKit.framework; path = "Linxapp/Plugins/cordova-plugin-facebook4/FBSDKLoginKit.framework"; sourceTree = "<group>"; };
		6AFF5BF81D6E424B00AB3073 /* CDVLaunchScreen.storyboard */ = {isa = PBXFileReference; fileEncoding = 4; lastKnownFileType = file.storyboard; name = CDVLaunchScreen.storyboard; path = Linxapp/CDVLaunchScreen.storyboard; sourceTree = SOURCE_ROOT; };
		70F34CCD48F84330AB16561E /* UIKit.framework */ = {isa = PBXFileReference; explicitFileType = undefined; fileEncoding = 9; includeInIndex = 0; lastKnownFileType = wrapper.framework; name = UIKit.framework; path = System/Library/Frameworks/UIKit.framework; sourceTree = SDKROOT; };
		734DC7BF08B84C2DBDE39317 /* WTARViewController.h */ = {isa = PBXFileReference; explicitFileType = undefined; fileEncoding = 4; includeInIndex = 0; lastKnownFileType = sourcecode.c.h; name = WTARViewController.h; path = com.wikitude.phonegap.WikitudePlugin/WTARViewController.h; sourceTree = "<group>"; };
		763912F07B7A46C09C9E69AA /* CDVJpegHeaderWriter.m */ = {isa = PBXFileReference; explicitFileType = undefined; fileEncoding = 4; includeInIndex = 0; lastKnownFileType = sourcecode.c.objc; name = CDVJpegHeaderWriter.m; path = "cordova-plugin-camera/CDVJpegHeaderWriter.m"; sourceTree = "<group>"; };
		791A5432C5664E9FBB65D615 /* CoreText.framework */ = {isa = PBXFileReference; explicitFileType = undefined; fileEncoding = 9; includeInIndex = 0; lastKnownFileType = wrapper.framework; name = CoreText.framework; path = System/Library/Frameworks/CoreText.framework; sourceTree = SDKROOT; };
		7A4F5C270A604BAA99D77520 /* CDVExif.h */ = {isa = PBXFileReference; explicitFileType = undefined; fileEncoding = 4; includeInIndex = 0; lastKnownFileType = sourcecode.c.h; name = CDVExif.h; path = "cordova-plugin-camera/CDVExif.h"; sourceTree = "<group>"; };
		803C20B40B2C4CABB0F4533F /* UIImage+CropScaleOrientation.m */ = {isa = PBXFileReference; explicitFileType = undefined; fileEncoding = 4; includeInIndex = 0; lastKnownFileType = sourcecode.c.objc; name = "UIImage+CropScaleOrientation.m"; path = "cordova-plugin-camera/UIImage+CropScaleOrientation.m"; sourceTree = "<group>"; };
		8072B79AB68B408DBF2911F1 /* CoreVideo.framework */ = {isa = PBXFileReference; explicitFileType = undefined; fileEncoding = 9; includeInIndex = 0; lastKnownFileType = wrapper.framework; name = CoreVideo.framework; path = System/Library/Frameworks/CoreVideo.framework; sourceTree = SDKROOT; };
		8D1107310486CEB800E47090 /* Linxapp-Info.plist */ = {isa = PBXFileReference; fileEncoding = 4; lastKnownFileType = text.plist.xml; name = "Linxapp-Info.plist"; path = "Linxapp/Linxapp-Info.plist"; plistStructureDefinitionIdentifier = "com.apple.xcode.plist.structure-definition.iphone.info-plist"; sourceTree = SOURCE_ROOT; };
		8FBC6778AC104A03BCBA50FF /* UIImage+CropScaleOrientation.h */ = {isa = PBXFileReference; explicitFileType = undefined; fileEncoding = 4; includeInIndex = 0; lastKnownFileType = sourcecode.c.h; name = "UIImage+CropScaleOrientation.h"; path = "cordova-plugin-camera/UIImage+CropScaleOrientation.h"; sourceTree = "<group>"; };
		952AC2ADCDA44BCBB1CED541 /* CDVCamera.m */ = {isa = PBXFileReference; explicitFileType = undefined; fileEncoding = 4; includeInIndex = 0; lastKnownFileType = sourcecode.c.objc; name = CDVCamera.m; path = "cordova-plugin-camera/CDVCamera.m"; sourceTree = "<group>"; };
		9AB7CD0230E64A29A858283C /* CoreMotion.framework */ = {isa = PBXFileReference; explicitFileType = undefined; fileEncoding = 9; includeInIndex = 0; lastKnownFileType = wrapper.framework; name = CoreMotion.framework; path = System/Library/Frameworks/CoreMotion.framework; sourceTree = SDKROOT; };
		9E7A461BBF9D4E8BBFA7A5F5 /* WTWikitudePlugin.m */ = {isa = PBXFileReference; explicitFileType = undefined; fileEncoding = 4; includeInIndex = 0; lastKnownFileType = sourcecode.c.objc; name = WTWikitudePlugin.m; path = com.wikitude.phonegap.WikitudePlugin/WTWikitudePlugin.m; sourceTree = "<group>"; };
		A20D563F2EA54ABCAFD93CAA /* CDVJpegHeaderWriter.h */ = {isa = PBXFileReference; explicitFileType = undefined; fileEncoding = 4; includeInIndex = 0; lastKnownFileType = sourcecode.c.h; name = CDVJpegHeaderWriter.h; path = "cordova-plugin-camera/CDVJpegHeaderWriter.h"; sourceTree = "<group>"; };
		A24CB530B0144044A86EBA1E /* FBSDKShareKit.framework */ = {isa = PBXFileReference; explicitFileType = undefined; fileEncoding = 9; includeInIndex = 0; lastKnownFileType = wrapper.framework; name = FBSDKShareKit.framework; path = "Linxapp/Plugins/cordova-plugin-facebook4/FBSDKShareKit.framework"; sourceTree = "<group>"; };
		A6C9F4BEC74742929BA1EAF6 /* Photos.framework */ = {isa = PBXFileReference; explicitFileType = undefined; fileEncoding = 9; includeInIndex = 0; lastKnownFileType = wrapper.framework; name = Photos.framework; path = System/Library/Frameworks/Photos.framework; sourceTree = SDKROOT; };
		AA38E37C81D24DEB8D949379 /* WTSDKBuildInformation.h */ = {isa = PBXFileReference; explicitFileType = undefined; fileEncoding = 4; includeInIndex = 0; lastKnownFileType = sourcecode.c.h; name = WTSDKBuildInformation.h; path = com.wikitude.phonegap.WikitudePlugin/WTSDKBuildInformation.h; sourceTree = "<group>"; };
		AA8E2982AEFB438983088C00 /* Security.framework */ = {isa = PBXFileReference; explicitFileType = undefined; fileEncoding = 9; includeInIndex = 0; lastKnownFileType = wrapper.framework; name = Security.framework; path = System/Library/Frameworks/Security.framework; sourceTree = SDKROOT; };
		AEC4BB4081FB4520843D16A4 /* QuartzCore.framework */ = {isa = PBXFileReference; explicitFileType = undefined; fileEncoding = 9; includeInIndex = 0; lastKnownFileType = wrapper.framework; name = QuartzCore.framework; path = System/Library/Frameworks/QuartzCore.framework; sourceTree = SDKROOT; };
		B9324D1A25734E2EAC13A997 /* FacebookConnectPlugin.m */ = {isa = PBXFileReference; explicitFileType = undefined; fileEncoding = 4; includeInIndex = 0; lastKnownFileType = sourcecode.c.objc; name = FacebookConnectPlugin.m; path = "cordova-plugin-facebook4/FacebookConnectPlugin.m"; sourceTree = "<group>"; };
		BC9397E886A34C61BC9A0DD7 /* SafariServices.framework */ = {isa = PBXFileReference; explicitFileType = undefined; fileEncoding = 9; includeInIndex = 0; lastKnownFileType = wrapper.framework; name = SafariServices.framework; path = System/Library/Frameworks/SafariServices.framework; sourceTree = SDKROOT; };
		C02BA2B4F7484A15A9912741 /* SystemConfiguration.framework */ = {isa = PBXFileReference; explicitFileType = undefined; fileEncoding = 9; includeInIndex = 0; lastKnownFileType = wrapper.framework; name = SystemConfiguration.framework; path = System/Library/Frameworks/SystemConfiguration.framework; sourceTree = SDKROOT; };
		CACA1FEAF63249ABA9E0E678 /* CFNetwork.framework */ = {isa = PBXFileReference; explicitFileType = undefined; fileEncoding = 9; includeInIndex = 0; lastKnownFileType = wrapper.framework; name = CFNetwork.framework; path = System/Library/Frameworks/CFNetwork.framework; sourceTree = SDKROOT; };
		CB7601C9AD1441DD866705E4 /* CDVCamera.h */ = {isa = PBXFileReference; explicitFileType = undefined; fileEncoding = 4; includeInIndex = 0; lastKnownFileType = sourcecode.c.h; name = CDVCamera.h; path = "cordova-plugin-camera/CDVCamera.h"; sourceTree = "<group>"; };
		CD75934912104EE582D9E971 /* libc++.dylib */ = {isa = PBXFileReference; explicitFileType = undefined; fileEncoding = 9; includeInIndex = 0; lastKnownFileType = "compiled.mach-o.dylib"; name = "libc++.dylib"; path = "usr/lib/libc++.dylib"; sourceTree = SDKROOT; };
		DB7F8E54D5BD43AAAF6E308E /* Accelerate.framework */ = {isa = PBXFileReference; explicitFileType = undefined; fileEncoding = 9; includeInIndex = 0; lastKnownFileType = wrapper.framework; name = Accelerate.framework; path = System/Library/Frameworks/Accelerate.framework; sourceTree = SDKROOT; };
		E5003B24C0964DD68A5F5180 /* Foundation.framework */ = {isa = PBXFileReference; explicitFileType = undefined; fileEncoding = 9; includeInIndex = 0; lastKnownFileType = wrapper.framework; name = Foundation.framework; path = System/Library/Frameworks/Foundation.framework; sourceTree = SDKROOT; };
		E9FAA0EE9CB54C8D8D714E9D /* CoreMedia.framework */ = {isa = PBXFileReference; explicitFileType = undefined; fileEncoding = 9; includeInIndex = 0; lastKnownFileType = wrapper.framework; name = CoreMedia.framework; path = System/Library/Frameworks/CoreMedia.framework; sourceTree = SDKROOT; };
		EB87759EA63041AD92817CA5 /* CDVLocation.h */ = {isa = PBXFileReference; explicitFileType = undefined; fileEncoding = 4; includeInIndex = 0; lastKnownFileType = sourcecode.c.h; name = CDVLocation.h; path = "cordova-plugin-geolocation/CDVLocation.h"; sourceTree = "<group>"; };
		EB87FDF31871DA8E0020F90C /* www */ = {isa = PBXFileReference; lastKnownFileType = folder; name = www; path = ../../www; sourceTree = "<group>"; };
		EB87FDF41871DAF40020F90C /* config.xml */ = {isa = PBXFileReference; lastKnownFileType = text.xml; name = config.xml; path = ../../config.xml; sourceTree = "<group>"; };
		ED1CDFF822B847198DB2C4DF /* WTArchitectViewDebugDelegate.h */ = {isa = PBXFileReference; explicitFileType = undefined; fileEncoding = 4; includeInIndex = 0; lastKnownFileType = sourcecode.c.h; name = WTArchitectViewDebugDelegate.h; path = com.wikitude.phonegap.WikitudePlugin/WTArchitectViewDebugDelegate.h; sourceTree = "<group>"; };
		ED33DF2A687741AEAF9F8254 /* Bridging-Header.h */ = {isa = PBXFileReference; fileEncoding = 4; lastKnownFileType = sourcecode.c.h; path = "Bridging-Header.h"; sourceTree = "<group>"; };
		F840E1F0165FE0F500CFE078 /* config.xml */ = {isa = PBXFileReference; lastKnownFileType = text.xml; name = config.xml; path = Linxapp/config.xml; sourceTree = "<group>"; };
		F97A4F000F73424CAFEBD0B4 /* WTWikitudePlugin.h */ = {isa = PBXFileReference; explicitFileType = undefined; fileEncoding = 4; includeInIndex = 0; lastKnownFileType = sourcecode.c.h; name = WTWikitudePlugin.h; path = com.wikitude.phonegap.WikitudePlugin/WTWikitudePlugin.h; sourceTree = "<group>"; };
/* End PBXFileReference section */

/* Begin PBXFrameworksBuildPhase section */
		1D60588F0D05DD3D006BFB54 /* Frameworks */ = {
			isa = PBXFrameworksBuildPhase;
			buildActionMask = 2147483647;
			files = (
				301BF552109A68D80062928A /* libCordova.a in Frameworks */,
				0140A7B7AFAC441DA2C13B96 /* libWikitudeSDK.a in Frameworks */,
				9B45515F131F49A190011AEF /* libWikitudeSDK-simulator.a in Frameworks */,
				5B3AAF28479E4EEE84D3339E /* Accelerate.framework in Frameworks */,
				10C2A00D46754D438D4A4B60 /* AVFoundation.framework in Frameworks */,
				7622D85A45C34CE0A21E0FB2 /* CFNetwork.framework in Frameworks */,
				C2A2DC94A96E42F483896479 /* CoreLocation.framework in Frameworks */,
				A20CD5E5A13B45788E37067A /* CoreMedia.framework in Frameworks */,
				A7DFF5F7A9A84571A0FB4BF5 /* CoreMotion.framework in Frameworks */,
				B46A77AFF21643D2AF61A5D5 /* CoreText.framework in Frameworks */,
				D1283CD0A6574FAC9D6A87A2 /* CoreVideo.framework in Frameworks */,
				928176562B74421D850FF1E0 /* Foundation.framework in Frameworks */,
				2A6016455FF34468B2D5F3B3 /* MediaPlayer.framework in Frameworks */,
				95A7B868A1CA4D3E907E64ED /* OpenGLES.framework in Frameworks */,
				3CAF025122BE4D10BA2F9F35 /* Photos.framework in Frameworks */,
				6A6E980C5A3A44DDAD99363E /* QuartzCore.framework in Frameworks */,
				F421ADDB2EF246ABAE6C9300 /* SafariServices.framework in Frameworks */,
				4D4C34010E1F4470B111AC1D /* Security.framework in Frameworks */,
				1BD8E1627C7242DEB9377F00 /* SystemConfiguration.framework in Frameworks */,
				0FC988479701417198CCD33A /* UIKit.framework in Frameworks */,
				094343F0E505475D8E8592DA /* libc++.dylib in Frameworks */,
				97416EC4DAB847CC8D4C1942 /* libz.dylib in Frameworks */,
				6101A744C18440A88CDC4BE6 /* ImageIO.framework in Frameworks */,
				12A3D5B21DB04C0086516D5E /* Bolts.framework in Frameworks */,
				49563730DE84476E920A6A38 /* FBSDKCoreKit.framework in Frameworks */,
				EC31017A1EA543EFAEC37656 /* FBSDKLoginKit.framework in Frameworks */,
				A5856A17A45D47F9B90B62E4 /* FBSDKShareKit.framework in Frameworks */,
			);
			runOnlyForDeploymentPostprocessing = 0;
		};
/* End PBXFrameworksBuildPhase section */

/* Begin PBXGroup section */
		080E96DDFE201D6D7F000001 /* Classes */ = {
			isa = PBXGroup;
			children = (
				302D95EE14D2391D003F00A1 /* MainViewController.h */,
				302D95EF14D2391D003F00A1 /* MainViewController.m */,
				302D95F014D2391D003F00A1 /* MainViewController.xib */,
				1D3623240D0F684500981E51 /* AppDelegate.h */,
				1D3623250D0F684500981E51 /* AppDelegate.m */,
			);
			name = Classes;
			path = Linxapp/Classes;
			sourceTree = SOURCE_ROOT;
		};
		19C28FACFE9D520D11CA2CBB /* Products */ = {
			isa = PBXGroup;
			children = (
				1D6058910D05DD3D006BFB54 /* Linxapp.app */,
			);
			name = Products;
			sourceTree = "<group>";
		};
		29B97314FDCFA39411CA2CEA /* CustomTemplate */ = {
			isa = PBXGroup;
			children = (
				EB87FDF41871DAF40020F90C /* config.xml */,
				EB87FDF31871DA8E0020F90C /* www */,
				EB87FDF11871DA420020F90C /* Staging */,
				301BF52D109A57CC0062928A /* CordovaLib.xcodeproj */,
				080E96DDFE201D6D7F000001 /* Classes */,
				307C750510C5A3420062BCA9 /* Plugins */,
				29B97315FDCFA39411CA2CEA /* Other Sources */,
				29B97317FDCFA39411CA2CEA /* Resources */,
				29B97323FDCFA39411CA2CEA /* Frameworks */,
				19C28FACFE9D520D11CA2CBB /* Products */,
			);
			name = CustomTemplate;
			sourceTree = "<group>";
		};
		29B97315FDCFA39411CA2CEA /* Other Sources */ = {
			isa = PBXGroup;
			children = (
				32CA4F630368D1EE00C91783 /* Linxapp-Prefix.pch */,
				29B97316FDCFA39411CA2CEA /* main.m */,
				ED33DF2A687741AEAF9F8254 /* Bridging-Header.h */,
			);
			name = "Other Sources";
			path = Linxapp;
			sourceTree = "<group>";
		};
		29B97317FDCFA39411CA2CEA /* Resources */ = {
			isa = PBXGroup;
			children = (
				0207DA571B56EA530066E2B4 /* Images.xcassets */,
				3047A50E1AB8057F00498E2A /* config */,
				8D1107310486CEB800E47090 /* Linxapp-Info.plist */,
				6AFF5BF81D6E424B00AB3073 /* CDVLaunchScreen.storyboard */,
			);
			name = Resources;
			path = Linxapp/Resources;
			sourceTree = "<group>";
		};
		29B97323FDCFA39411CA2CEA /* Frameworks */ = {
			isa = PBXGroup;
			children = (
				017D531E1AD646F4B2F12010 /* libWikitudeSDK.a */,
				6098D4929EF64B318662B63A /* libWikitudeSDK-simulator.a */,
				DB7F8E54D5BD43AAAF6E308E /* Accelerate.framework */,
				153D6AAA89CD455289F7F038 /* AVFoundation.framework */,
				CACA1FEAF63249ABA9E0E678 /* CFNetwork.framework */,
				1E9A95BFB92B408690FB9E21 /* CoreLocation.framework */,
				E9FAA0EE9CB54C8D8D714E9D /* CoreMedia.framework */,
				9AB7CD0230E64A29A858283C /* CoreMotion.framework */,
				791A5432C5664E9FBB65D615 /* CoreText.framework */,
				8072B79AB68B408DBF2911F1 /* CoreVideo.framework */,
				E5003B24C0964DD68A5F5180 /* Foundation.framework */,
				1B0819683F124FD68B20C59B /* MediaPlayer.framework */,
				24EF9BF1D5384F76A0E91E23 /* OpenGLES.framework */,
				A6C9F4BEC74742929BA1EAF6 /* Photos.framework */,
				AEC4BB4081FB4520843D16A4 /* QuartzCore.framework */,
				BC9397E886A34C61BC9A0DD7 /* SafariServices.framework */,
				AA8E2982AEFB438983088C00 /* Security.framework */,
				C02BA2B4F7484A15A9912741 /* SystemConfiguration.framework */,
				70F34CCD48F84330AB16561E /* UIKit.framework */,
				CD75934912104EE582D9E971 /* libc++.dylib */,
				25E6F53B67B94F5CA0FB73B0 /* libz.dylib */,
				2D9D04F58F9E42B89C5CDF80 /* ImageIO.framework */,
				2475AC0F02754845B263CAFC /* Bolts.framework */,
				1D05E8BE5B4F42ABAFFB24BA /* FBSDKCoreKit.framework */,
				65CA29158E0840D39F77AF5F /* FBSDKLoginKit.framework */,
				A24CB530B0144044A86EBA1E /* FBSDKShareKit.framework */,
			);
			name = Frameworks;
			sourceTree = "<group>";
		};
		301BF52E109A57CC0062928A /* Products */ = {
			isa = PBXGroup;
			children = (
				301BF535109A57CC0062928A /* libCordova.a */,
			);
			name = Products;
			sourceTree = "<group>";
		};
		3047A50E1AB8057F00498E2A /* config */ = {
			isa = PBXGroup;
			children = (
				3047A50F1AB8059700498E2A /* build-debug.xcconfig */,
				3047A5101AB8059700498E2A /* build-release.xcconfig */,
				3047A5111AB8059700498E2A /* build.xcconfig */,
			);
			name = config;
			sourceTree = "<group>";
		};
		307C750510C5A3420062BCA9 /* Plugins */ = {
			isa = PBXGroup;
			children = (
				9E7A461BBF9D4E8BBFA7A5F5 /* WTWikitudePlugin.m */,
				247958C39B0543B9A12E7F8E /* WTARViewController.m */,
				F97A4F000F73424CAFEBD0B4 /* WTWikitudePlugin.h */,
				734DC7BF08B84C2DBDE39317 /* WTARViewController.h */,
				09B2D3A21A9141849F731750 /* WikitudeSDK.h */,
				109811DE39D64D7C99711BD5 /* WTArchitectView.h */,
				4955386C682E4F4290505800 /* WTNavigation.h */,
				59C5EFEBA6A945E6A8743242 /* WTStartupConfiguration.h */,
				2A859540C8044DF585EAC158 /* WTArchitectStartupConfiguration.h */,
				AA38E37C81D24DEB8D949379 /* WTSDKBuildInformation.h */,
				ED1CDFF822B847198DB2C4DF /* WTArchitectViewDebugDelegate.h */,
				4F58F80F41ED4DB8B2EE7652 /* WTAuthorizationRequestManager.h */,
				0444B2D7ECEE4E4BA0D1ABD7 /* WTWikitudeTypes.h */,
				803C20B40B2C4CABB0F4533F /* UIImage+CropScaleOrientation.m */,
				952AC2ADCDA44BCBB1CED541 /* CDVCamera.m */,
				763912F07B7A46C09C9E69AA /* CDVJpegHeaderWriter.m */,
				8FBC6778AC104A03BCBA50FF /* UIImage+CropScaleOrientation.h */,
				CB7601C9AD1441DD866705E4 /* CDVCamera.h */,
				A20D563F2EA54ABCAFD93CAA /* CDVJpegHeaderWriter.h */,
				7A4F5C270A604BAA99D77520 /* CDVExif.h */,
				122189F6E7434387B86BEA56 /* CDVLogger.m */,
				38D26F8BD56646D3898484D7 /* CDVLogger.h */,
				B9324D1A25734E2EAC13A997 /* FacebookConnectPlugin.m */,
				461A2A9CFF2248D193D83943 /* FacebookConnectPlugin.h */,
				01B49BC0BDBA4CFABC605E9A /* CDVLocation.m */,
				EB87759EA63041AD92817CA5 /* CDVLocation.h */,
				2FB76808B7784699A859F958 /* CDVStatusBar.m */,
				174D02C29771480E9AF377DF /* CDVStatusBar.h */,
			);
			name = Plugins;
			path = Linxapp/Plugins;
			sourceTree = SOURCE_ROOT;
		};
		EB87FDF11871DA420020F90C /* Staging */ = {
			isa = PBXGroup;
			children = (
				F840E1F0165FE0F500CFE078 /* config.xml */,
				301BF56E109A69640062928A /* www */,
			);
			name = Staging;
			sourceTree = "<group>";
		};
/* End PBXGroup section */

/* Begin PBXNativeTarget section */
		1D6058900D05DD3D006BFB54 /* Linxapp */ = {
			isa = PBXNativeTarget;
			buildConfigurationList = 1D6058960D05DD3E006BFB54 /* Build configuration list for PBXNativeTarget "Linxapp" */;
			buildPhases = (
				304B58A110DAC018002A0835 /* Copy www directory */,
				1D60588D0D05DD3D006BFB54 /* Resources */,
				1D60588E0D05DD3D006BFB54 /* Sources */,
				1D60588F0D05DD3D006BFB54 /* Frameworks */,
			);
			buildRules = (
			);
			dependencies = (
				301BF551109A68C00062928A /* PBXTargetDependency */,
			);
			name = Linxapp;
			productName = Linxapp;
			productReference = 1D6058910D05DD3D006BFB54 /* Linxapp.app */;
			productType = "com.apple.product-type.application";
		};
/* End PBXNativeTarget section */

/* Begin PBXProject section */
		29B97313FDCFA39411CA2CEA /* Project object */ = {
			isa = PBXProject;
			attributes = {
				LastUpgradeCheck = 510;
				TargetAttributes = {
					1D6058900D05DD3D006BFB54 = {
						DevelopmentTeam = A24EY6XQJ9;
					};
				};
			};
			buildConfigurationList = C01FCF4E08A954540054247B /* Build configuration list for PBXProject "Linxapp" */;
			compatibilityVersion = "Xcode 3.2";
			developmentRegion = English;
			hasScannedForEncodings = 1;
			knownRegions = (
				en,
			);
			mainGroup = 29B97314FDCFA39411CA2CEA /* CustomTemplate */;
			projectDirPath = "";
			projectReferences = (
				{
					ProductGroup = 301BF52E109A57CC0062928A /* Products */;
					ProjectRef = 301BF52D109A57CC0062928A /* CordovaLib.xcodeproj */;
				},
			);
			projectRoot = "";
			targets = (
				1D6058900D05DD3D006BFB54 /* Linxapp */,
			);
		};
/* End PBXProject section */

/* Begin PBXReferenceProxy section */
		301BF535109A57CC0062928A /* libCordova.a */ = {
			isa = PBXReferenceProxy;
			fileType = archive.ar;
			path = libCordova.a;
			remoteRef = 301BF534109A57CC0062928A /* PBXContainerItemProxy */;
			sourceTree = BUILT_PRODUCTS_DIR;
		};
/* End PBXReferenceProxy section */

/* Begin PBXResourcesBuildPhase section */
		1D60588D0D05DD3D006BFB54 /* Resources */ = {
			isa = PBXResourcesBuildPhase;
			buildActionMask = 2147483647;
			files = (
				302D95F214D2391D003F00A1 /* MainViewController.xib in Resources */,
				0207DA581B56EA530066E2B4 /* Images.xcassets in Resources */,
				6AFF5BF91D6E424B00AB3073 /* CDVLaunchScreen.storyboard in Resources */,
			);
			runOnlyForDeploymentPostprocessing = 0;
		};
/* End PBXResourcesBuildPhase section */

/* Begin PBXShellScriptBuildPhase section */
		304B58A110DAC018002A0835 /* Copy www directory */ = {
			isa = PBXShellScriptBuildPhase;
			buildActionMask = 2147483647;
			files = (
			);
			inputPaths = (
			);
			name = "Copy www directory";
			outputPaths = (
			);
			runOnlyForDeploymentPostprocessing = 0;
			shellPath = /bin/sh;
			shellScript = "NODEJS_PATH=/usr/local/bin; NVM_NODE_PATH=~/.nvm/versions/node/`nvm version 2>/dev/null`/bin; N_NODE_PATH=`find /usr/local/n/versions/node/* -maxdepth 0 -type d 2>/dev/null | tail -1`/bin; XCODE_NODE_PATH=`xcode-select --print-path`/usr/share/xcs/Node/bin; PATH=$NODEJS_PATH:$NVM_NODE_PATH:$N_NODE_PATH:$XCODE_NODE_PATH:$PATH && node cordova/lib/copy-www-build-step.js";
			showEnvVarsInLog = 0;
		};
/* End PBXShellScriptBuildPhase section */

/* Begin PBXSourcesBuildPhase section */
		1D60588E0D05DD3D006BFB54 /* Sources */ = {
			isa = PBXSourcesBuildPhase;
			buildActionMask = 2147483647;
			files = (
				1D60589B0D05DD56006BFB54 /* main.m in Sources */,
				1D3623260D0F684500981E51 /* AppDelegate.m in Sources */,
				302D95F114D2391D003F00A1 /* MainViewController.m in Sources */,
				9A7D2EB6A5354EE588EBA8B9 /* WTWikitudePlugin.m in Sources */,
				B0FDF9E223BB4B8A82793E50 /* WTARViewController.m in Sources */,
				0FB6279BA90C44549DF26164 /* UIImage+CropScaleOrientation.m in Sources */,
				B800A84CC1514B7FBF806590 /* CDVCamera.m in Sources */,
				0B80E68839E343BCA8139512 /* CDVJpegHeaderWriter.m in Sources */,
				81AE3511AADB43748911B5CF /* CDVLogger.m in Sources */,
				782402A1EBDD4334AB117B0F /* FacebookConnectPlugin.m in Sources */,
				4B03608146B84307BE82F858 /* CDVLocation.m in Sources */,
				BF5DCA1D6BF4492CBCAF3832 /* CDVStatusBar.m in Sources */,
			);
			runOnlyForDeploymentPostprocessing = 0;
		};
/* End PBXSourcesBuildPhase section */

/* Begin PBXTargetDependency section */
		301BF551109A68C00062928A /* PBXTargetDependency */ = {
			isa = PBXTargetDependency;
			name = CordovaLib;
			targetProxy = 301BF550109A68C00062928A /* PBXContainerItemProxy */;
		};
/* End PBXTargetDependency section */

/* Begin XCBuildConfiguration section */
		1D6058940D05DD3E006BFB54 /* Debug */ = {
			isa = XCBuildConfiguration;
			baseConfigurationReference = 3047A50F1AB8059700498E2A /* build-debug.xcconfig */;
			buildSettings = {
				ALWAYS_SEARCH_USER_PATHS = NO;
				ASSETCATALOG_COMPILER_APPICON_NAME = AppIcon;
				ASSETCATALOG_COMPILER_LAUNCHIMAGE_NAME = LaunchImage;
				CLANG_ENABLE_MODULES = YES;
				CLANG_ENABLE_OBJC_ARC = YES;
				COPY_PHASE_STRIP = NO;
				DEVELOPMENT_TEAM = A24EY6XQJ9;
				FRAMEWORK_SEARCH_PATHS = (
					"$(inherited)",
					"\"Linxapp/Plugins/cordova-plugin-facebook4\"",
					"\"Linxapp/Plugins/cordova-plugin-facebook4\"",
					"\"Linxapp/Plugins/cordova-plugin-facebook4\"",
					"\"Linxapp/Plugins/cordova-plugin-facebook4\"",
				);
				GCC_DYNAMIC_NO_PIC = NO;
				GCC_OPTIMIZATION_LEVEL = 0;
				GCC_PRECOMPILE_PREFIX_HEADER = YES;
				GCC_PREFIX_HEADER = "Linxapp/Linxapp-Prefix.pch";
				GCC_THUMB_SUPPORT = NO;
				GCC_VERSION = "";
				INFOPLIST_FILE = "Linxapp/Linxapp-Info.plist";
				IPHONEOS_DEPLOYMENT_TARGET = 8.0;
				LD_RUNPATH_SEARCH_PATHS = "@executable_path/Frameworks";
				LIBRARY_SEARCH_PATHS = (
					"$(inherited)",
					"\"$(SRCROOT)/Linxapp/Plugins/com.wikitude.phonegap.WikitudePlugin\"",
					"\"$(SRCROOT)/Linxapp/Plugins/com.wikitude.phonegap.WikitudePlugin\"",
				);
				PRODUCT_NAME = Linxapp;
				TARGETED_DEVICE_FAMILY = "1,2";
			};
			name = Debug;
		};
		1D6058950D05DD3E006BFB54 /* Release */ = {
			isa = XCBuildConfiguration;
			baseConfigurationReference = 3047A5101AB8059700498E2A /* build-release.xcconfig */;
			buildSettings = {
				ALWAYS_SEARCH_USER_PATHS = NO;
				ASSETCATALOG_COMPILER_APPICON_NAME = AppIcon;
				ASSETCATALOG_COMPILER_LAUNCHIMAGE_NAME = LaunchImage;
				CLANG_ENABLE_MODULES = YES;
				CLANG_ENABLE_OBJC_ARC = YES;
				COPY_PHASE_STRIP = YES;
				DEVELOPMENT_TEAM = A24EY6XQJ9;
				FRAMEWORK_SEARCH_PATHS = (
					"$(inherited)",
					"\"Linxapp/Plugins/cordova-plugin-facebook4\"",
					"\"Linxapp/Plugins/cordova-plugin-facebook4\"",
					"\"Linxapp/Plugins/cordova-plugin-facebook4\"",
					"\"Linxapp/Plugins/cordova-plugin-facebook4\"",
				);
				GCC_PRECOMPILE_PREFIX_HEADER = YES;
				GCC_PREFIX_HEADER = "Linxapp/Linxapp-Prefix.pch";
				GCC_THUMB_SUPPORT = NO;
				GCC_VERSION = "";
				INFOPLIST_FILE = "Linxapp/Linxapp-Info.plist";
				IPHONEOS_DEPLOYMENT_TARGET = 8.0;
				LD_RUNPATH_SEARCH_PATHS = "@executable_path/Frameworks";
				LIBRARY_SEARCH_PATHS = (
					"$(inherited)",
					"\"$(SRCROOT)/Linxapp/Plugins/com.wikitude.phonegap.WikitudePlugin\"",
					"\"$(SRCROOT)/Linxapp/Plugins/com.wikitude.phonegap.WikitudePlugin\"",
				);
				PRODUCT_NAME = Linxapp;
				TARGETED_DEVICE_FAMILY = "1,2";
			};
			name = Release;
		};
		C01FCF4F08A954540054247B /* Debug */ = {
			isa = XCBuildConfiguration;
			baseConfigurationReference = 3047A5111AB8059700498E2A /* build.xcconfig */;
			buildSettings = {
				CLANG_ENABLE_MODULES = YES;
				CLANG_ENABLE_OBJC_ARC = YES;
				CLANG_WARN_BOOL_CONVERSION = YES;
				CLANG_WARN_CONSTANT_CONVERSION = YES;
				CLANG_WARN_EMPTY_BODY = YES;
				CLANG_WARN_ENUM_CONVERSION = YES;
				CLANG_WARN_INT_CONVERSION = YES;
				CLANG_WARN__DUPLICATE_METHOD_MATCH = YES;
				GCC_C_LANGUAGE_STANDARD = c99;
				GCC_THUMB_SUPPORT = NO;
				GCC_VERSION = "";
				GCC_WARN_ABOUT_RETURN_TYPE = YES;
				GCC_WARN_UNDECLARED_SELECTOR = YES;
				GCC_WARN_UNINITIALIZED_AUTOS = YES;
				GCC_WARN_UNUSED_FUNCTION = YES;
				GCC_WARN_UNUSED_VARIABLE = YES;
				ONLY_ACTIVE_ARCH = YES;
				SDKROOT = iphoneos;
				SKIP_INSTALL = NO;
			};
			name = Debug;
		};
		C01FCF5008A954540054247B /* Release */ = {
			isa = XCBuildConfiguration;
			baseConfigurationReference = 3047A5111AB8059700498E2A /* build.xcconfig */;
			buildSettings = {
				CLANG_ENABLE_MODULES = YES;
				CLANG_ENABLE_OBJC_ARC = YES;
				CLANG_WARN_BOOL_CONVERSION = YES;
				CLANG_WARN_CONSTANT_CONVERSION = YES;
				CLANG_WARN_EMPTY_BODY = YES;
				CLANG_WARN_ENUM_CONVERSION = YES;
				CLANG_WARN_INT_CONVERSION = YES;
				CLANG_WARN__DUPLICATE_METHOD_MATCH = YES;
				GCC_C_LANGUAGE_STANDARD = c99;
				GCC_THUMB_SUPPORT = NO;
				GCC_VERSION = "";
				GCC_WARN_ABOUT_RETURN_TYPE = YES;
				GCC_WARN_UNDECLARED_SELECTOR = YES;
				GCC_WARN_UNINITIALIZED_AUTOS = YES;
				GCC_WARN_UNUSED_FUNCTION = YES;
				GCC_WARN_UNUSED_VARIABLE = YES;
				SDKROOT = iphoneos;
				SKIP_INSTALL = NO;
			};
			name = Release;
		};
/* End XCBuildConfiguration section */

/* Begin XCConfigurationList section */
		1D6058960D05DD3E006BFB54 /* Build configuration list for PBXNativeTarget "Linxapp" */ = {
			isa = XCConfigurationList;
			buildConfigurations = (
				1D6058940D05DD3E006BFB54 /* Debug */,
				1D6058950D05DD3E006BFB54 /* Release */,
			);
			defaultConfigurationIsVisible = 0;
			defaultConfigurationName = Release;
		};
		C01FCF4E08A954540054247B /* Build configuration list for PBXProject "Linxapp" */ = {
			isa = XCConfigurationList;
			buildConfigurations = (
				C01FCF4F08A954540054247B /* Debug */,
				C01FCF5008A954540054247B /* Release */,
			);
			defaultConfigurationIsVisible = 0;
			defaultConfigurationName = Release;
		};
/* End XCConfigurationList section */
	};
	rootObject = 29B97313FDCFA39411CA2CEA /* Project object */;
}
